// !$*UTF8*$!
{
	archiveVersion = 1;
	classes = {
	};
	objectVersion = 56;
	objects = {

/* Begin PBXBuildFile section */
		1A792B6C2B5CD10800A080F2 /* ProfileChipRow.swift in Sources */ = {isa = PBXBuildFile; fileRef = 1A792B6B2B5CD10800A080F2 /* ProfileChipRow.swift */; };
		1ACE493C2B5B9D0B00024336 /* FunchAppApp.swift in Sources */ = {isa = PBXBuildFile; fileRef = 1ACE493B2B5B9D0B00024336 /* FunchAppApp.swift */; };
		1ACE493E2B5B9D0B00024336 /* ContentView.swift in Sources */ = {isa = PBXBuildFile; fileRef = 1ACE493D2B5B9D0B00024336 /* ContentView.swift */; };
		1ACE49402B5B9D0D00024336 /* Assets.xcassets in Resources */ = {isa = PBXBuildFile; fileRef = 1ACE493F2B5B9D0D00024336 /* Assets.xcassets */; };
		1ACE49432B5B9D0D00024336 /* Preview Assets.xcassets in Resources */ = {isa = PBXBuildFile; fileRef = 1ACE49422B5B9D0D00024336 /* Preview Assets.xcassets */; };
		1ACE49542B5B9E6400024336 /* HomeView.swift in Sources */ = {isa = PBXBuildFile; fileRef = 1ACE49532B5B9E6400024336 /* HomeView.swift */; };
		1ACE49562B5B9E9300024336 /* ProfileView.swift in Sources */ = {isa = PBXBuildFile; fileRef = 1ACE49552B5B9E9300024336 /* ProfileView.swift */; };
		1ACE49582B5B9ECE00024336 /* MatchResultView.swift in Sources */ = {isa = PBXBuildFile; fileRef = 1ACE49572B5B9ECE00024336 /* MatchResultView.swift */; };
		1ACE495A2B5B9EDE00024336 /* ProfileEditorView.swift in Sources */ = {isa = PBXBuildFile; fileRef = 1ACE49592B5B9EDE00024336 /* ProfileEditorView.swift */; };
		1ACE495C2B5B9EF200024336 /* OnboardingView.swift in Sources */ = {isa = PBXBuildFile; fileRef = 1ACE495B2B5B9EF200024336 /* OnboardingView.swift */; };
		1ACE49642B5B9F4A00024336 /* Profile.swift in Sources */ = {isa = PBXBuildFile; fileRef = 1ACE49632B5B9F4A00024336 /* Profile.swift */; };
		1ACE49662B5BA06D00024336 /* ProfileRepositoryType.swift in Sources */ = {isa = PBXBuildFile; fileRef = 1ACE49652B5BA06D00024336 /* ProfileRepositoryType.swift */; };
		1ACE496A2B5BA19200024336 /* ProfileEditorUseCase.swift in Sources */ = {isa = PBXBuildFile; fileRef = 1ACE49692B5BA19200024336 /* ProfileEditorUseCase.swift */; };
		1ACE49712B5BA29000024336 /* HomeUseCase.swift in Sources */ = {isa = PBXBuildFile; fileRef = 1ACE49702B5BA29000024336 /* HomeUseCase.swift */; };
		1ACE49732B5BA29700024336 /* ProfileUseCase.swift in Sources */ = {isa = PBXBuildFile; fileRef = 1ACE49722B5BA29700024336 /* ProfileUseCase.swift */; };
		1ACE49752B5BA2A100024336 /* MatchResultUseCase.swift in Sources */ = {isa = PBXBuildFile; fileRef = 1ACE49742B5BA2A100024336 /* MatchResultUseCase.swift */; };
		1ACE49772B5BA2AB00024336 /* OnboardingUseCase.swift in Sources */ = {isa = PBXBuildFile; fileRef = 1ACE49762B5BA2AB00024336 /* OnboardingUseCase.swift */; };
		1ACE49792B5BA2F100024336 /* UserDataStorage.swift in Sources */ = {isa = PBXBuildFile; fileRef = 1ACE49782B5BA2F100024336 /* UserDataStorage.swift */; };
		1ACE497D2B5BA3B600024336 /* ProfileDTO.swift in Sources */ = {isa = PBXBuildFile; fileRef = 1ACE497C2B5BA3B600024336 /* ProfileDTO.swift */; };
		1ACE49802B5BA46600024336 /* ProfileRepository.swift in Sources */ = {isa = PBXBuildFile; fileRef = 1ACE497F2B5BA46600024336 /* ProfileRepository.swift */; };
		1ACE49832B5BA4A400024336 /* APIClient.swift in Sources */ = {isa = PBXBuildFile; fileRef = 1ACE49822B5BA4A400024336 /* APIClient.swift */; };
		1ACE49862B5BAB5F00024336 /* DefaultFunchButtonStyle.swift in Sources */ = {isa = PBXBuildFile; fileRef = 1ACE49852B5BAB5F00024336 /* DefaultFunchButtonStyle.swift */; };
		1ACE498D2B5C111500024336 /* ChipView.swift in Sources */ = {isa = PBXBuildFile; fileRef = 1ACE498C2B5C111500024336 /* ChipView.swift */; };
		3EA69BFF2B5C342F008AE23B /* FunchTextField.swift in Sources */ = {isa = PBXBuildFile; fileRef = 3EA69BFE2B5C342E008AE23B /* FunchTextField.swift */; };
		3EA69C012B5D61E9008AE23B /* FlowLayoutGrid.swift in Sources */ = {isa = PBXBuildFile; fileRef = 3EA69C002B5D61E9008AE23B /* FlowLayoutGrid.swift */; };
		3EA69C032B5D67A3008AE23B /* NoTapEffectButtonStyle.swift in Sources */ = {isa = PBXBuildFile; fileRef = 3EA69C022B5D67A3008AE23B /* NoTapEffectButtonStyle.swift */; };
		3EA69C052B5D6D1C008AE23B /* ProfileMBTIButtonPair.swift in Sources */ = {isa = PBXBuildFile; fileRef = 3EA69C042B5D6D1C008AE23B /* ProfileMBTIButtonPair.swift */; };
/* End PBXBuildFile section */

/* Begin PBXFileReference section */
		1A792B6B2B5CD10800A080F2 /* ProfileChipRow.swift */ = {isa = PBXFileReference; lastKnownFileType = sourcecode.swift; path = ProfileChipRow.swift; sourceTree = "<group>"; };
		1ACE49382B5B9D0B00024336 /* FunchApp.app */ = {isa = PBXFileReference; explicitFileType = wrapper.application; includeInIndex = 0; path = FunchApp.app; sourceTree = BUILT_PRODUCTS_DIR; };
		1ACE493B2B5B9D0B00024336 /* FunchAppApp.swift */ = {isa = PBXFileReference; lastKnownFileType = sourcecode.swift; path = FunchAppApp.swift; sourceTree = "<group>"; };
		1ACE493D2B5B9D0B00024336 /* ContentView.swift */ = {isa = PBXFileReference; lastKnownFileType = sourcecode.swift; path = ContentView.swift; sourceTree = "<group>"; };
		1ACE493F2B5B9D0D00024336 /* Assets.xcassets */ = {isa = PBXFileReference; lastKnownFileType = folder.assetcatalog; path = Assets.xcassets; sourceTree = "<group>"; };
		1ACE49422B5B9D0D00024336 /* Preview Assets.xcassets */ = {isa = PBXFileReference; lastKnownFileType = folder.assetcatalog; path = "Preview Assets.xcassets"; sourceTree = "<group>"; };
		1ACE49532B5B9E6400024336 /* HomeView.swift */ = {isa = PBXFileReference; lastKnownFileType = sourcecode.swift; path = HomeView.swift; sourceTree = "<group>"; };
		1ACE49552B5B9E9300024336 /* ProfileView.swift */ = {isa = PBXFileReference; lastKnownFileType = sourcecode.swift; path = ProfileView.swift; sourceTree = "<group>"; };
		1ACE49572B5B9ECE00024336 /* MatchResultView.swift */ = {isa = PBXFileReference; lastKnownFileType = sourcecode.swift; path = MatchResultView.swift; sourceTree = "<group>"; };
		1ACE49592B5B9EDE00024336 /* ProfileEditorView.swift */ = {isa = PBXFileReference; lastKnownFileType = sourcecode.swift; path = ProfileEditorView.swift; sourceTree = "<group>"; };
		1ACE495B2B5B9EF200024336 /* OnboardingView.swift */ = {isa = PBXFileReference; lastKnownFileType = sourcecode.swift; path = OnboardingView.swift; sourceTree = "<group>"; };
		1ACE49632B5B9F4A00024336 /* Profile.swift */ = {isa = PBXFileReference; lastKnownFileType = sourcecode.swift; path = Profile.swift; sourceTree = "<group>"; };
		1ACE49652B5BA06D00024336 /* ProfileRepositoryType.swift */ = {isa = PBXFileReference; lastKnownFileType = sourcecode.swift; path = ProfileRepositoryType.swift; sourceTree = "<group>"; };
		1ACE49692B5BA19200024336 /* ProfileEditorUseCase.swift */ = {isa = PBXFileReference; lastKnownFileType = sourcecode.swift; path = ProfileEditorUseCase.swift; sourceTree = "<group>"; };
		1ACE49702B5BA29000024336 /* HomeUseCase.swift */ = {isa = PBXFileReference; lastKnownFileType = sourcecode.swift; path = HomeUseCase.swift; sourceTree = "<group>"; };
		1ACE49722B5BA29700024336 /* ProfileUseCase.swift */ = {isa = PBXFileReference; lastKnownFileType = sourcecode.swift; path = ProfileUseCase.swift; sourceTree = "<group>"; };
		1ACE49742B5BA2A100024336 /* MatchResultUseCase.swift */ = {isa = PBXFileReference; lastKnownFileType = sourcecode.swift; path = MatchResultUseCase.swift; sourceTree = "<group>"; };
		1ACE49762B5BA2AB00024336 /* OnboardingUseCase.swift */ = {isa = PBXFileReference; lastKnownFileType = sourcecode.swift; path = OnboardingUseCase.swift; sourceTree = "<group>"; };
		1ACE49782B5BA2F100024336 /* UserDataStorage.swift */ = {isa = PBXFileReference; lastKnownFileType = sourcecode.swift; path = UserDataStorage.swift; sourceTree = "<group>"; };
		1ACE497C2B5BA3B600024336 /* ProfileDTO.swift */ = {isa = PBXFileReference; lastKnownFileType = sourcecode.swift; path = ProfileDTO.swift; sourceTree = "<group>"; };
		1ACE497F2B5BA46600024336 /* ProfileRepository.swift */ = {isa = PBXFileReference; lastKnownFileType = sourcecode.swift; path = ProfileRepository.swift; sourceTree = "<group>"; };
		1ACE49822B5BA4A400024336 /* APIClient.swift */ = {isa = PBXFileReference; lastKnownFileType = sourcecode.swift; path = APIClient.swift; sourceTree = "<group>"; };
		1ACE49852B5BAB5F00024336 /* DefaultFunchButtonStyle.swift */ = {isa = PBXFileReference; lastKnownFileType = sourcecode.swift; path = DefaultFunchButtonStyle.swift; sourceTree = "<group>"; };
		1ACE498C2B5C111500024336 /* ChipView.swift */ = {isa = PBXFileReference; lastKnownFileType = sourcecode.swift; path = ChipView.swift; sourceTree = "<group>"; };
		3EA69BFE2B5C342E008AE23B /* FunchTextField.swift */ = {isa = PBXFileReference; fileEncoding = 4; lastKnownFileType = sourcecode.swift; path = FunchTextField.swift; sourceTree = "<group>"; };
		3EA69C002B5D61E9008AE23B /* FlowLayoutGrid.swift */ = {isa = PBXFileReference; lastKnownFileType = sourcecode.swift; path = FlowLayoutGrid.swift; sourceTree = "<group>"; };
		3EA69C022B5D67A3008AE23B /* NoTapEffectButtonStyle.swift */ = {isa = PBXFileReference; lastKnownFileType = sourcecode.swift; path = NoTapEffectButtonStyle.swift; sourceTree = "<group>"; };
		3EA69C042B5D6D1C008AE23B /* ProfileMBTIButtonPair.swift */ = {isa = PBXFileReference; lastKnownFileType = sourcecode.swift; path = ProfileMBTIButtonPair.swift; sourceTree = "<group>"; };
/* End PBXFileReference section */

/* Begin PBXFrameworksBuildPhase section */
		1ACE49352B5B9D0B00024336 /* Frameworks */ = {
			isa = PBXFrameworksBuildPhase;
			buildActionMask = 2147483647;
			files = (
			);
			runOnlyForDeploymentPostprocessing = 0;
		};
/* End PBXFrameworksBuildPhase section */

/* Begin PBXGroup section */
		1ACE492F2B5B9D0B00024336 = {
			isa = PBXGroup;
			children = (
				1ACE493A2B5B9D0B00024336 /* FunchApp */,
				1ACE49392B5B9D0B00024336 /* Products */,
			);
			sourceTree = "<group>";
		};
		1ACE49392B5B9D0B00024336 /* Products */ = {
			isa = PBXGroup;
			children = (
				1ACE49382B5B9D0B00024336 /* FunchApp.app */,
			);
			name = Products;
			sourceTree = "<group>";
		};
		1ACE493A2B5B9D0B00024336 /* FunchApp */ = {
			isa = PBXGroup;
			children = (
				1ACE49842B5BAB5000024336 /* Core */,
				1ACE494E2B5B9D7800024336 /* Data */,
				1ACE49512B5B9D8D00024336 /* Domain */,
				1ACE494B2B5B9D6000024336 /* Presentation */,
				1ACE49522B5B9DAD00024336 /* Application */,
				1ACE493D2B5B9D0B00024336 /* ContentView.swift */,
				1ACE493F2B5B9D0D00024336 /* Assets.xcassets */,
				1ACE49412B5B9D0D00024336 /* Preview Content */,
			);
			path = FunchApp;
			sourceTree = "<group>";
		};
		1ACE49412B5B9D0D00024336 /* Preview Content */ = {
			isa = PBXGroup;
			children = (
				1ACE49422B5B9D0D00024336 /* Preview Assets.xcassets */,
			);
			path = "Preview Content";
			sourceTree = "<group>";
		};
		1ACE494B2B5B9D6000024336 /* Presentation */ = {
			isa = PBXGroup;
			children = (
				1ACE495D2B5B9EF900024336 /* HomeScene */,
				1ACE495E2B5B9EFF00024336 /* ProfileScene */,
				1ACE495F2B5B9F1100024336 /* MatchResultScene */,
				1ACE49602B5B9F1A00024336 /* ProfileEditorScene */,
				1ACE49612B5B9F2600024336 /* OnboardingScene */,
			);
			path = Presentation;
			sourceTree = "<group>";
		};
		1ACE494E2B5B9D7800024336 /* Data */ = {
			isa = PBXGroup;
			children = (
				1ACE49812B5BA49600024336 /* Network */,
				1ACE497E2B5BA45800024336 /* Repository */,
				1ACE497B2B5BA39D00024336 /* DataMapping */,
				1ACE497A2B5BA38200024336 /* PersistentStorage */,
			);
			path = Data;
			sourceTree = "<group>";
		};
		1ACE49512B5B9D8D00024336 /* Domain */ = {
			isa = PBXGroup;
			children = (
				1ACE49682B5BA09700024336 /* UseCase */,
				1ACE49672B5BA07400024336 /* Interfaces */,
				1ACE49622B5B9F3B00024336 /* Entities */,
			);
			path = Domain;
			sourceTree = "<group>";
		};
		1ACE49522B5B9DAD00024336 /* Application */ = {
			isa = PBXGroup;
			children = (
				1ACE493B2B5B9D0B00024336 /* FunchAppApp.swift */,
			);
			path = Application;
			sourceTree = "<group>";
		};
		1ACE495D2B5B9EF900024336 /* HomeScene */ = {
			isa = PBXGroup;
			children = (
				1ACE49532B5B9E6400024336 /* HomeView.swift */,
			);
			path = HomeScene;
			sourceTree = "<group>";
		};
		1ACE495E2B5B9EFF00024336 /* ProfileScene */ = {
			isa = PBXGroup;
			children = (
				1ACE49552B5B9E9300024336 /* ProfileView.swift */,
				1A792B6B2B5CD10800A080F2 /* ProfileChipRow.swift */,
			);
			path = ProfileScene;
			sourceTree = "<group>";
		};
		1ACE495F2B5B9F1100024336 /* MatchResultScene */ = {
			isa = PBXGroup;
			children = (
				1ACE49572B5B9ECE00024336 /* MatchResultView.swift */,
			);
			path = MatchResultScene;
			sourceTree = "<group>";
		};
		1ACE49602B5B9F1A00024336 /* ProfileEditorScene */ = {
			isa = PBXGroup;
			children = (
				1ACE49592B5B9EDE00024336 /* ProfileEditorView.swift */,
				3EA69C042B5D6D1C008AE23B /* ProfileMBTIButtonPair.swift */,
			);
			path = ProfileEditorScene;
			sourceTree = "<group>";
		};
		1ACE49612B5B9F2600024336 /* OnboardingScene */ = {
			isa = PBXGroup;
			children = (
				1ACE495B2B5B9EF200024336 /* OnboardingView.swift */,
			);
			path = OnboardingScene;
			sourceTree = "<group>";
		};
		1ACE49622B5B9F3B00024336 /* Entities */ = {
			isa = PBXGroup;
			children = (
				1ACE49632B5B9F4A00024336 /* Profile.swift */,
			);
			path = Entities;
			sourceTree = "<group>";
		};
		1ACE49672B5BA07400024336 /* Interfaces */ = {
			isa = PBXGroup;
			children = (
				1ACE49652B5BA06D00024336 /* ProfileRepositoryType.swift */,
			);
			path = Interfaces;
			sourceTree = "<group>";
		};
		1ACE49682B5BA09700024336 /* UseCase */ = {
			isa = PBXGroup;
			children = (
				1ACE496C2B5BA22C00024336 /* HomeScene */,
				1ACE496F2B5BA27600024336 /* ProfileScene */,
				1ACE496B2B5BA21F00024336 /* ProfileEditorScene */,
				1ACE496D2B5BA23400024336 /* MatchResultScene */,
				1ACE496E2B5BA23E00024336 /* OnboardingScene */,
			);
			path = UseCase;
			sourceTree = "<group>";
		};
		1ACE496B2B5BA21F00024336 /* ProfileEditorScene */ = {
			isa = PBXGroup;
			children = (
				1ACE49692B5BA19200024336 /* ProfileEditorUseCase.swift */,
			);
			path = ProfileEditorScene;
			sourceTree = "<group>";
		};
		1ACE496C2B5BA22C00024336 /* HomeScene */ = {
			isa = PBXGroup;
			children = (
				1ACE49702B5BA29000024336 /* HomeUseCase.swift */,
			);
			path = HomeScene;
			sourceTree = "<group>";
		};
		1ACE496D2B5BA23400024336 /* MatchResultScene */ = {
			isa = PBXGroup;
			children = (
				1ACE49742B5BA2A100024336 /* MatchResultUseCase.swift */,
			);
			path = MatchResultScene;
			sourceTree = "<group>";
		};
		1ACE496E2B5BA23E00024336 /* OnboardingScene */ = {
			isa = PBXGroup;
			children = (
				1ACE49762B5BA2AB00024336 /* OnboardingUseCase.swift */,
			);
			path = OnboardingScene;
			sourceTree = "<group>";
		};
		1ACE496F2B5BA27600024336 /* ProfileScene */ = {
			isa = PBXGroup;
			children = (
				1ACE49722B5BA29700024336 /* ProfileUseCase.swift */,
			);
			path = ProfileScene;
			sourceTree = "<group>";
		};
		1ACE497A2B5BA38200024336 /* PersistentStorage */ = {
			isa = PBXGroup;
			children = (
				1ACE49782B5BA2F100024336 /* UserDataStorage.swift */,
			);
			path = PersistentStorage;
			sourceTree = "<group>";
		};
		1ACE497B2B5BA39D00024336 /* DataMapping */ = {
			isa = PBXGroup;
			children = (
				1ACE497C2B5BA3B600024336 /* ProfileDTO.swift */,
			);
			path = DataMapping;
			sourceTree = "<group>";
		};
		1ACE497E2B5BA45800024336 /* Repository */ = {
			isa = PBXGroup;
			children = (
				1ACE497F2B5BA46600024336 /* ProfileRepository.swift */,
			);
			path = Repository;
			sourceTree = "<group>";
		};
		1ACE49812B5BA49600024336 /* Network */ = {
			isa = PBXGroup;
			children = (
				1ACE49822B5BA4A400024336 /* APIClient.swift */,
			);
			path = Network;
			sourceTree = "<group>";
		};
		1ACE49842B5BAB5000024336 /* Core */ = {
			isa = PBXGroup;
			children = (
				1ACE49872B5BAB7000024336 /* DesignSystem */,
			);
			path = Core;
			sourceTree = "<group>";
		};
		1ACE49872B5BAB7000024336 /* DesignSystem */ = {
			isa = PBXGroup;
			children = (
				1ACE49882B5BAFDD00024336 /* Style */,
				1ACE498E2B5C111A00024336 /* UICompoents.SwiftUI */,
			);
			path = DesignSystem;
			sourceTree = "<group>";
		};
		1ACE49882B5BAFDD00024336 /* Style */ = {
			isa = PBXGroup;
			children = (
				1ACE49852B5BAB5F00024336 /* DefaultFunchButtonStyle.swift */,
				3EA69C022B5D67A3008AE23B /* NoTapEffectButtonStyle.swift */,
			);
			path = Style;
			sourceTree = "<group>";
		};
		1ACE498E2B5C111A00024336 /* UICompoents.SwiftUI */ = {
			isa = PBXGroup;
			children = (
				1ACE498C2B5C111500024336 /* ChipView.swift */,
				3EA69BFE2B5C342E008AE23B /* FunchTextField.swift */,
				3EA69C002B5D61E9008AE23B /* FlowLayoutGrid.swift */,
			);
			path = UICompoents.SwiftUI;
			sourceTree = "<group>";
		};
/* End PBXGroup section */

/* Begin PBXNativeTarget section */
		1ACE49372B5B9D0B00024336 /* FunchApp */ = {
			isa = PBXNativeTarget;
			buildConfigurationList = 1ACE49462B5B9D0D00024336 /* Build configuration list for PBXNativeTarget "FunchApp" */;
			buildPhases = (
				1ACE49342B5B9D0B00024336 /* Sources */,
				1ACE49352B5B9D0B00024336 /* Frameworks */,
				1ACE49362B5B9D0B00024336 /* Resources */,
			);
			buildRules = (
			);
			dependencies = (
			);
			name = FunchApp;
			productName = FunchApp;
			productReference = 1ACE49382B5B9D0B00024336 /* FunchApp.app */;
			productType = "com.apple.product-type.application";
		};
/* End PBXNativeTarget section */

/* Begin PBXProject section */
		1ACE49302B5B9D0B00024336 /* Project object */ = {
			isa = PBXProject;
			attributes = {
				BuildIndependentTargetsInParallel = 1;
				LastSwiftUpdateCheck = 1510;
				LastUpgradeCheck = 1510;
				TargetAttributes = {
					1ACE49372B5B9D0B00024336 = {
						CreatedOnToolsVersion = 15.1;
					};
				};
			};
			buildConfigurationList = 1ACE49332B5B9D0B00024336 /* Build configuration list for PBXProject "FunchApp" */;
			compatibilityVersion = "Xcode 14.0";
			developmentRegion = en;
			hasScannedForEncodings = 0;
			knownRegions = (
				en,
				Base,
			);
			mainGroup = 1ACE492F2B5B9D0B00024336;
			productRefGroup = 1ACE49392B5B9D0B00024336 /* Products */;
			projectDirPath = "";
			projectRoot = "";
			targets = (
				1ACE49372B5B9D0B00024336 /* FunchApp */,
			);
		};
/* End PBXProject section */

/* Begin PBXResourcesBuildPhase section */
		1ACE49362B5B9D0B00024336 /* Resources */ = {
			isa = PBXResourcesBuildPhase;
			buildActionMask = 2147483647;
			files = (
				1ACE49432B5B9D0D00024336 /* Preview Assets.xcassets in Resources */,
				1ACE49402B5B9D0D00024336 /* Assets.xcassets in Resources */,
			);
			runOnlyForDeploymentPostprocessing = 0;
		};
/* End PBXResourcesBuildPhase section */

/* Begin PBXSourcesBuildPhase section */
		1ACE49342B5B9D0B00024336 /* Sources */ = {
			isa = PBXSourcesBuildPhase;
			buildActionMask = 2147483647;
			files = (
				1ACE49542B5B9E6400024336 /* HomeView.swift in Sources */,
				1ACE49862B5BAB5F00024336 /* DefaultFunchButtonStyle.swift in Sources */,
				3EA69BFF2B5C342F008AE23B /* FunchTextField.swift in Sources */,
				3EA69C032B5D67A3008AE23B /* NoTapEffectButtonStyle.swift in Sources */,
				1ACE49642B5B9F4A00024336 /* Profile.swift in Sources */,
				1ACE49732B5BA29700024336 /* ProfileUseCase.swift in Sources */,
				1ACE497D2B5BA3B600024336 /* ProfileDTO.swift in Sources */,
				1ACE495C2B5B9EF200024336 /* OnboardingView.swift in Sources */,
				1ACE493E2B5B9D0B00024336 /* ContentView.swift in Sources */,
				1ACE49582B5B9ECE00024336 /* MatchResultView.swift in Sources */,
				1ACE49752B5BA2A100024336 /* MatchResultUseCase.swift in Sources */,
				1ACE495A2B5B9EDE00024336 /* ProfileEditorView.swift in Sources */,
				3EA69C012B5D61E9008AE23B /* FlowLayoutGrid.swift in Sources */,
				1ACE49662B5BA06D00024336 /* ProfileRepositoryType.swift in Sources */,
				1ACE49562B5B9E9300024336 /* ProfileView.swift in Sources */,
				1ACE498D2B5C111500024336 /* ChipView.swift in Sources */,
				1ACE49712B5BA29000024336 /* HomeUseCase.swift in Sources */,
				1ACE49802B5BA46600024336 /* ProfileRepository.swift in Sources */,
				1ACE49772B5BA2AB00024336 /* OnboardingUseCase.swift in Sources */,
				1ACE496A2B5BA19200024336 /* ProfileEditorUseCase.swift in Sources */,
				1ACE49792B5BA2F100024336 /* UserDataStorage.swift in Sources */,
				3EA69C052B5D6D1C008AE23B /* ProfileMBTIButtonPair.swift in Sources */,
				1ACE493C2B5B9D0B00024336 /* FunchAppApp.swift in Sources */,
				1A792B6C2B5CD10800A080F2 /* ProfileChipRow.swift in Sources */,
				1ACE49832B5BA4A400024336 /* APIClient.swift in Sources */,
			);
			runOnlyForDeploymentPostprocessing = 0;
		};
/* End PBXSourcesBuildPhase section */

/* Begin XCBuildConfiguration section */
		1ACE49442B5B9D0D00024336 /* Debug */ = {
			isa = XCBuildConfiguration;
			buildSettings = {
				ALWAYS_SEARCH_USER_PATHS = NO;
				ASSETCATALOG_COMPILER_GENERATE_SWIFT_ASSET_SYMBOL_EXTENSIONS = YES;
				CLANG_ANALYZER_NONNULL = YES;
				CLANG_ANALYZER_NUMBER_OBJECT_CONVERSION = YES_AGGRESSIVE;
				CLANG_CXX_LANGUAGE_STANDARD = "gnu++20";
				CLANG_ENABLE_MODULES = YES;
				CLANG_ENABLE_OBJC_ARC = YES;
				CLANG_ENABLE_OBJC_WEAK = YES;
				CLANG_WARN_BLOCK_CAPTURE_AUTORELEASING = YES;
				CLANG_WARN_BOOL_CONVERSION = YES;
				CLANG_WARN_COMMA = YES;
				CLANG_WARN_CONSTANT_CONVERSION = YES;
				CLANG_WARN_DEPRECATED_OBJC_IMPLEMENTATIONS = YES;
				CLANG_WARN_DIRECT_OBJC_ISA_USAGE = YES_ERROR;
				CLANG_WARN_DOCUMENTATION_COMMENTS = YES;
				CLANG_WARN_EMPTY_BODY = YES;
				CLANG_WARN_ENUM_CONVERSION = YES;
				CLANG_WARN_INFINITE_RECURSION = YES;
				CLANG_WARN_INT_CONVERSION = YES;
				CLANG_WARN_NON_LITERAL_NULL_CONVERSION = YES;
				CLANG_WARN_OBJC_IMPLICIT_RETAIN_SELF = YES;
				CLANG_WARN_OBJC_LITERAL_CONVERSION = YES;
				CLANG_WARN_OBJC_ROOT_CLASS = YES_ERROR;
				CLANG_WARN_QUOTED_INCLUDE_IN_FRAMEWORK_HEADER = YES;
				CLANG_WARN_RANGE_LOOP_ANALYSIS = YES;
				CLANG_WARN_STRICT_PROTOTYPES = YES;
				CLANG_WARN_SUSPICIOUS_MOVE = YES;
				CLANG_WARN_UNGUARDED_AVAILABILITY = YES_AGGRESSIVE;
				CLANG_WARN_UNREACHABLE_CODE = YES;
				CLANG_WARN__DUPLICATE_METHOD_MATCH = YES;
				COPY_PHASE_STRIP = NO;
				DEBUG_INFORMATION_FORMAT = dwarf;
				ENABLE_STRICT_OBJC_MSGSEND = YES;
				ENABLE_TESTABILITY = YES;
				ENABLE_USER_SCRIPT_SANDBOXING = YES;
				GCC_C_LANGUAGE_STANDARD = gnu17;
				GCC_DYNAMIC_NO_PIC = NO;
				GCC_NO_COMMON_BLOCKS = YES;
				GCC_OPTIMIZATION_LEVEL = 0;
				GCC_PREPROCESSOR_DEFINITIONS = (
					"DEBUG=1",
					"$(inherited)",
				);
				GCC_WARN_64_TO_32_BIT_CONVERSION = YES;
				GCC_WARN_ABOUT_RETURN_TYPE = YES_ERROR;
				GCC_WARN_UNDECLARED_SELECTOR = YES;
				GCC_WARN_UNINITIALIZED_AUTOS = YES_AGGRESSIVE;
				GCC_WARN_UNUSED_FUNCTION = YES;
				GCC_WARN_UNUSED_VARIABLE = YES;
				IPHONEOS_DEPLOYMENT_TARGET = 17.0;
				LOCALIZATION_PREFERS_STRING_CATALOGS = YES;
				MTL_ENABLE_DEBUG_INFO = INCLUDE_SOURCE;
				MTL_FAST_MATH = YES;
				ONLY_ACTIVE_ARCH = YES;
				SDKROOT = iphoneos;
				SWIFT_ACTIVE_COMPILATION_CONDITIONS = "DEBUG $(inherited)";
				SWIFT_OPTIMIZATION_LEVEL = "-Onone";
			};
			name = Debug;
		};
		1ACE49452B5B9D0D00024336 /* Release */ = {
			isa = XCBuildConfiguration;
			buildSettings = {
				ALWAYS_SEARCH_USER_PATHS = NO;
				ASSETCATALOG_COMPILER_GENERATE_SWIFT_ASSET_SYMBOL_EXTENSIONS = YES;
				CLANG_ANALYZER_NONNULL = YES;
				CLANG_ANALYZER_NUMBER_OBJECT_CONVERSION = YES_AGGRESSIVE;
				CLANG_CXX_LANGUAGE_STANDARD = "gnu++20";
				CLANG_ENABLE_MODULES = YES;
				CLANG_ENABLE_OBJC_ARC = YES;
				CLANG_ENABLE_OBJC_WEAK = YES;
				CLANG_WARN_BLOCK_CAPTURE_AUTORELEASING = YES;
				CLANG_WARN_BOOL_CONVERSION = YES;
				CLANG_WARN_COMMA = YES;
				CLANG_WARN_CONSTANT_CONVERSION = YES;
				CLANG_WARN_DEPRECATED_OBJC_IMPLEMENTATIONS = YES;
				CLANG_WARN_DIRECT_OBJC_ISA_USAGE = YES_ERROR;
				CLANG_WARN_DOCUMENTATION_COMMENTS = YES;
				CLANG_WARN_EMPTY_BODY = YES;
				CLANG_WARN_ENUM_CONVERSION = YES;
				CLANG_WARN_INFINITE_RECURSION = YES;
				CLANG_WARN_INT_CONVERSION = YES;
				CLANG_WARN_NON_LITERAL_NULL_CONVERSION = YES;
				CLANG_WARN_OBJC_IMPLICIT_RETAIN_SELF = YES;
				CLANG_WARN_OBJC_LITERAL_CONVERSION = YES;
				CLANG_WARN_OBJC_ROOT_CLASS = YES_ERROR;
				CLANG_WARN_QUOTED_INCLUDE_IN_FRAMEWORK_HEADER = YES;
				CLANG_WARN_RANGE_LOOP_ANALYSIS = YES;
				CLANG_WARN_STRICT_PROTOTYPES = YES;
				CLANG_WARN_SUSPICIOUS_MOVE = YES;
				CLANG_WARN_UNGUARDED_AVAILABILITY = YES_AGGRESSIVE;
				CLANG_WARN_UNREACHABLE_CODE = YES;
				CLANG_WARN__DUPLICATE_METHOD_MATCH = YES;
				COPY_PHASE_STRIP = NO;
				DEBUG_INFORMATION_FORMAT = "dwarf-with-dsym";
				ENABLE_NS_ASSERTIONS = NO;
				ENABLE_STRICT_OBJC_MSGSEND = YES;
				ENABLE_USER_SCRIPT_SANDBOXING = YES;
				GCC_C_LANGUAGE_STANDARD = gnu17;
				GCC_NO_COMMON_BLOCKS = YES;
				GCC_WARN_64_TO_32_BIT_CONVERSION = YES;
				GCC_WARN_ABOUT_RETURN_TYPE = YES_ERROR;
				GCC_WARN_UNDECLARED_SELECTOR = YES;
				GCC_WARN_UNINITIALIZED_AUTOS = YES_AGGRESSIVE;
				GCC_WARN_UNUSED_FUNCTION = YES;
				GCC_WARN_UNUSED_VARIABLE = YES;
				IPHONEOS_DEPLOYMENT_TARGET = 17.0;
				LOCALIZATION_PREFERS_STRING_CATALOGS = YES;
				MTL_ENABLE_DEBUG_INFO = NO;
				MTL_FAST_MATH = YES;
				SDKROOT = iphoneos;
				SWIFT_COMPILATION_MODE = wholemodule;
				VALIDATE_PRODUCT = YES;
			};
			name = Release;
		};
		1ACE49472B5B9D0D00024336 /* Debug */ = {
			isa = XCBuildConfiguration;
			buildSettings = {
				ASSETCATALOG_COMPILER_APPICON_NAME = AppIcon;
				ASSETCATALOG_COMPILER_GLOBAL_ACCENT_COLOR_NAME = AccentColor;
				CODE_SIGN_STYLE = Automatic;
				CURRENT_PROJECT_VERSION = 1;
				DEVELOPMENT_ASSET_PATHS = "\"FunchApp/Preview Content\"";
				DEVELOPMENT_TEAM = 38PD5AHVVF;
				ENABLE_PREVIEWS = YES;
				GENERATE_INFOPLIST_FILE = YES;
				INFOPLIST_KEY_UIApplicationSceneManifest_Generation = YES;
				INFOPLIST_KEY_UIApplicationSupportsIndirectInputEvents = YES;
				INFOPLIST_KEY_UILaunchScreen_Generation = YES;
				INFOPLIST_KEY_UISupportedInterfaceOrientations_iPad = "UIInterfaceOrientationPortrait UIInterfaceOrientationPortraitUpsideDown UIInterfaceOrientationLandscapeLeft UIInterfaceOrientationLandscapeRight";
				INFOPLIST_KEY_UISupportedInterfaceOrientations_iPhone = "UIInterfaceOrientationPortrait UIInterfaceOrientationLandscapeLeft UIInterfaceOrientationLandscapeRight";
				LD_RUNPATH_SEARCH_PATHS = (
					"$(inherited)",
					"@executable_path/Frameworks",
				);
				MARKETING_VERSION = 1.0;
				PRODUCT_BUNDLE_IDENTIFIER = kr.app.funch.app;
				PRODUCT_NAME = "$(TARGET_NAME)";
				SWIFT_EMIT_LOC_STRINGS = YES;
				SWIFT_VERSION = 5.0;
				TARGETED_DEVICE_FAMILY = "1,2";
			};
			name = Debug;
		};
		1ACE49482B5B9D0D00024336 /* Release */ = {
			isa = XCBuildConfiguration;
			buildSettings = {
				ASSETCATALOG_COMPILER_APPICON_NAME = AppIcon;
				ASSETCATALOG_COMPILER_GLOBAL_ACCENT_COLOR_NAME = AccentColor;
				CODE_SIGN_STYLE = Automatic;
				CURRENT_PROJECT_VERSION = 1;
				DEVELOPMENT_ASSET_PATHS = "\"FunchApp/Preview Content\"";
				DEVELOPMENT_TEAM = 38PD5AHVVF;
				ENABLE_PREVIEWS = YES;
				GENERATE_INFOPLIST_FILE = YES;
				INFOPLIST_KEY_UIApplicationSceneManifest_Generation = YES;
				INFOPLIST_KEY_UIApplicationSupportsIndirectInputEvents = YES;
				INFOPLIST_KEY_UILaunchScreen_Generation = YES;
				INFOPLIST_KEY_UISupportedInterfaceOrientations_iPad = "UIInterfaceOrientationPortrait UIInterfaceOrientationPortraitUpsideDown UIInterfaceOrientationLandscapeLeft UIInterfaceOrientationLandscapeRight";
				INFOPLIST_KEY_UISupportedInterfaceOrientations_iPhone = "UIInterfaceOrientationPortrait UIInterfaceOrientationLandscapeLeft UIInterfaceOrientationLandscapeRight";
				LD_RUNPATH_SEARCH_PATHS = (
					"$(inherited)",
					"@executable_path/Frameworks",
				);
				MARKETING_VERSION = 1.0;
				PRODUCT_BUNDLE_IDENTIFIER = kr.app.funch.app;
				PRODUCT_NAME = "$(TARGET_NAME)";
				SWIFT_EMIT_LOC_STRINGS = YES;
				SWIFT_VERSION = 5.0;
				TARGETED_DEVICE_FAMILY = "1,2";
			};
			name = Release;
		};
/* End XCBuildConfiguration section */

/* Begin XCConfigurationList section */
		1ACE49332B5B9D0B00024336 /* Build configuration list for PBXProject "FunchApp" */ = {
			isa = XCConfigurationList;
			buildConfigurations = (
				1ACE49442B5B9D0D00024336 /* Debug */,
				1ACE49452B5B9D0D00024336 /* Release */,
			);
			defaultConfigurationIsVisible = 0;
			defaultConfigurationName = Release;
		};
		1ACE49462B5B9D0D00024336 /* Build configuration list for PBXNativeTarget "FunchApp" */ = {
			isa = XCConfigurationList;
			buildConfigurations = (
				1ACE49472B5B9D0D00024336 /* Debug */,
				1ACE49482B5B9D0D00024336 /* Release */,
			);
			defaultConfigurationIsVisible = 0;
			defaultConfigurationName = Release;
		};
/* End XCConfigurationList section */
	};
	rootObject = 1ACE49302B5B9D0B00024336 /* Project object */;
}
