// !$*UTF8*$!
{
	archiveVersion = 1;
	classes = {
	};
	objectVersion = 56;
	objects = {

/* Begin PBXBuildFile section */
		1A44AAA72B67E81F006D8894 /* GetProfileFromDeviceId.Req.swift in Sources */ = {isa = PBXBuildFile; fileRef = 1A44AAA62B67E81F006D8894 /* GetProfileFromDeviceId.Req.swift */; };
		1A44AAA92B67E848006D8894 /* GetProfileFromId.Req.swift in Sources */ = {isa = PBXBuildFile; fileRef = 1A44AAA82B67E848006D8894 /* GetProfileFromId.Req.swift */; };
		1A44AAAA2B67EF42006D8894 /* GetProfileFromDeviceId.Res.swift in Sources */ = {isa = PBXBuildFile; fileRef = 1A792B7B2B5D56BA00A080F2 /* GetProfileFromDeviceId.Res.swift */; };
		1A44AAAC2B67EFCD006D8894 /* CreateProfile.Req.swift in Sources */ = {isa = PBXBuildFile; fileRef = 1A44AAAB2B67EFCD006D8894 /* CreateProfile.Req.swift */; };
		1A44AAAE2B67F218006D8894 /* MatchingUser.Res.swift in Sources */ = {isa = PBXBuildFile; fileRef = 1A44AAAD2B67F218006D8894 /* MatchingUser.Res.swift */; };
		1A45882F2B64D70700FBB841 /* SearchUser.Res.swift in Sources */ = {isa = PBXBuildFile; fileRef = 1A45882E2B64D70700FBB841 /* SearchUser.Res.swift */; };
		1A45883E2B64EAD600FBB841 /* SubwayInfo.swift in Sources */ = {isa = PBXBuildFile; fileRef = 1A45883D2B64EAD600FBB841 /* SubwayInfo.swift */; };
		1A792B6F2B5D3F6B00A080F2 /* Moya in Frameworks */ = {isa = PBXBuildFile; productRef = 1A792B6E2B5D3F6B00A080F2 /* Moya */; };
		1A792B712B5D465700A080F2 /* DefaultTargetType.swift in Sources */ = {isa = PBXBuildFile; fileRef = 1A792B702B5D465700A080F2 /* DefaultTargetType.swift */; };
		1A792B742B5D55D400A080F2 /* RequestDTO.swift in Sources */ = {isa = PBXBuildFile; fileRef = 1A792B732B5D55D400A080F2 /* RequestDTO.swift */; };
		1A792B772B5D55F700A080F2 /* ResponseDTO.swift in Sources */ = {isa = PBXBuildFile; fileRef = 1A792B762B5D55F700A080F2 /* ResponseDTO.swift */; };
		1A792B7F2B5D580500A080F2 /* Respondable.swift in Sources */ = {isa = PBXBuildFile; fileRef = 1A792B7E2B5D580500A080F2 /* Respondable.swift */; };
		1A792B812B5D581600A080F2 /* Requestable.swift in Sources */ = {isa = PBXBuildFile; fileRef = 1A792B802B5D581600A080F2 /* Requestable.swift */; };
		1A792B852B5D5A5100A080F2 /* CreateUserQuery.swift in Sources */ = {isa = PBXBuildFile; fileRef = 1A792B842B5D5A5100A080F2 /* CreateUserQuery.swift */; };
		1A792B872B5D605400A080F2 /* MatchingRepositoryImpl.swift in Sources */ = {isa = PBXBuildFile; fileRef = 1A792B862B5D605400A080F2 /* MatchingRepositoryImpl.swift */; };
		1A792B892B5D62A300A080F2 /* MatchingUserQuery.swift in Sources */ = {isa = PBXBuildFile; fileRef = 1A792B882B5D62A300A080F2 /* MatchingUserQuery.swift */; };
		1A792B8B2B5D62BE00A080F2 /* MatchingUser.Req.swift in Sources */ = {isa = PBXBuildFile; fileRef = 1A792B8A2B5D62BE00A080F2 /* MatchingUser.Req.swift */; };
		1A792B8D2B5D653B00A080F2 /* MatchingRepository.swift in Sources */ = {isa = PBXBuildFile; fileRef = 1A792B8C2B5D653B00A080F2 /* MatchingRepository.swift */; };
		1A7B06902B5D669A0024356C /* SubwayStationRepositoryImpl.swift in Sources */ = {isa = PBXBuildFile; fileRef = 1A7B068F2B5D669A0024356C /* SubwayStationRepositoryImpl.swift */; };
		1A7B06922B5D67250024356C /* SubwayStationRepository.swift in Sources */ = {isa = PBXBuildFile; fileRef = 1A7B06912B5D67250024356C /* SubwayStationRepository.swift */; };
		1A7B06942B5D67570024356C /* DictionaryType.swift in Sources */ = {isa = PBXBuildFile; fileRef = 1A7B06932B5D67570024356C /* DictionaryType.swift */; };
		1A7B06982B5D68650024356C /* SearchSubwayStationQuery.swift in Sources */ = {isa = PBXBuildFile; fileRef = 1A7B06972B5D68650024356C /* SearchSubwayStationQuery.swift */; };
		1A7B069A2B5D68AC0024356C /* SearchSubwayStation.Req.swift in Sources */ = {isa = PBXBuildFile; fileRef = 1A7B06992B5D68AC0024356C /* SearchSubwayStation.Req.swift */; };
		1A7B069C2B5D6D600024356C /* UIDeivce+.swift in Sources */ = {isa = PBXBuildFile; fileRef = 1A7B069B2B5D6D600024356C /* UIDeivce+.swift */; };
		1A7B069E2B5D702D0024356C /* APIEnvironment.swift in Sources */ = {isa = PBXBuildFile; fileRef = 1A7B069D2B5D702D0024356C /* APIEnvironment.swift */; };
		1A7B06A22B5D8C710024356C /* MatchingInfo.swift in Sources */ = {isa = PBXBuildFile; fileRef = 1A7B06A12B5D8C710024356C /* MatchingInfo.swift */; };
		1A7B837A2B79E0BA007408D7 /* AppCoordinator.swift in Sources */ = {isa = PBXBuildFile; fileRef = 1A7B83792B79E0BA007408D7 /* AppCoordinator.swift */; };
		1A7B837C2B7A067D007408D7 /* UserService.swift in Sources */ = {isa = PBXBuildFile; fileRef = 1A7B837B2B7A067D007408D7 /* UserService.swift */; };
		1A83F0282B80D74200E6EC89 /* HomeViewBuilder.swift in Sources */ = {isa = PBXBuildFile; fileRef = 1A83F0272B80D74200E6EC89 /* HomeViewBuilder.swift */; };
		1A83F02C2B80E1BD00E6EC89 /* HomeViewModel.swift in Sources */ = {isa = PBXBuildFile; fileRef = 1A83F02B2B80E1BD00E6EC89 /* HomeViewModel.swift */; };
		1A83F02E2B80E26B00E6EC89 /* MatchResultViewBuilder.swift in Sources */ = {isa = PBXBuildFile; fileRef = 1A83F02D2B80E26B00E6EC89 /* MatchResultViewBuilder.swift */; };
		1A83F0312B80E6CB00E6EC89 /* ProfileViewBuilder.swift in Sources */ = {isa = PBXBuildFile; fileRef = 1A83F0302B80E6CB00E6EC89 /* ProfileViewBuilder.swift */; };
		1A83F0332B80E6E000E6EC89 /* ProfileViewModel.swift in Sources */ = {isa = PBXBuildFile; fileRef = 1A83F0322B80E6E000E6EC89 /* ProfileViewModel.swift */; };
		1A83F0362B80E88300E6EC89 /* OnboardingViewBuilder.swift in Sources */ = {isa = PBXBuildFile; fileRef = 1A83F0352B80E88300E6EC89 /* OnboardingViewBuilder.swift */; };
		1A83F0382B80E8E200E6EC89 /* SplashViewBuilder.swift in Sources */ = {isa = PBXBuildFile; fileRef = 1A83F0372B80E8E200E6EC89 /* SplashViewBuilder.swift */; };
		1A87EADE2B691C510059F80A /* SubwayStationRepositoryImpl.swift in Sources */ = {isa = PBXBuildFile; fileRef = 1A7B068F2B5D669A0024356C /* SubwayStationRepositoryImpl.swift */; };
		1A87EADF2B691C510059F80A /* MatchingRepositoryImpl.swift in Sources */ = {isa = PBXBuildFile; fileRef = 1A792B862B5D605400A080F2 /* MatchingRepositoryImpl.swift */; };
		1A87EAE32B691DF50059F80A /* ProfileRepositoryImpl.swift in Sources */ = {isa = PBXBuildFile; fileRef = 1ACE497F2B5BA46600024336 /* ProfileRepositoryImpl.swift */; };
		1A87EAE42B691E490059F80A /* GetProfileFromDeviceId.Res.swift in Sources */ = {isa = PBXBuildFile; fileRef = 1A792B7B2B5D56BA00A080F2 /* GetProfileFromDeviceId.Res.swift */; };
		1A87EAE52B691E570059F80A /* ProfileRepositoryTests.swift in Sources */ = {isa = PBXBuildFile; fileRef = 1A4588362B64DE2100FBB841 /* ProfileRepositoryTests.swift */; };
		1A87EAE62B691E6B0059F80A /* ResponseDTO.swift in Sources */ = {isa = PBXBuildFile; fileRef = 1A792B762B5D55F700A080F2 /* ResponseDTO.swift */; };
		1A87EAE72B691E6D0059F80A /* RequestDTO.swift in Sources */ = {isa = PBXBuildFile; fileRef = 1A792B732B5D55D400A080F2 /* RequestDTO.swift */; };
		1A87EAE82B691E710059F80A /* Respondable.swift in Sources */ = {isa = PBXBuildFile; fileRef = 1A792B7E2B5D580500A080F2 /* Respondable.swift */; };
		1A87EAE92B691E730059F80A /* Requestable.swift in Sources */ = {isa = PBXBuildFile; fileRef = 1A792B802B5D581600A080F2 /* Requestable.swift */; };
		1A87EAEA2B691F2D0059F80A /* DefaultTargetType.swift in Sources */ = {isa = PBXBuildFile; fileRef = 1A792B702B5D465700A080F2 /* DefaultTargetType.swift */; };
		1A87EAEB2B691F3B0059F80A /* APIEnvironment.swift in Sources */ = {isa = PBXBuildFile; fileRef = 1A7B069D2B5D702D0024356C /* APIEnvironment.swift */; };
		1A87EAEC2B691F420059F80A /* DictionaryType.swift in Sources */ = {isa = PBXBuildFile; fileRef = 1A7B06932B5D67570024356C /* DictionaryType.swift */; };
		1A87EAED2B691F450059F80A /* UIDeivce+.swift in Sources */ = {isa = PBXBuildFile; fileRef = 1A7B069B2B5D6D600024356C /* UIDeivce+.swift */; };
		1A87EAEE2B691F470059F80A /* View+.swift in Sources */ = {isa = PBXBuildFile; fileRef = 3EA69C0E2B5E9AB2008AE23B /* View+.swift */; };
		1A87EAF02B691F940059F80A /* CreateProfileUseCase.swift in Sources */ = {isa = PBXBuildFile; fileRef = 1ACE49692B5BA19200024336 /* CreateProfileUseCase.swift */; };
		1A87EAF32B691FA00059F80A /* ProfileRepository.swift in Sources */ = {isa = PBXBuildFile; fileRef = 1ACE49652B5BA06D00024336 /* ProfileRepository.swift */; };
		1A87EAF42B691FA20059F80A /* SubwayStationRepository.swift in Sources */ = {isa = PBXBuildFile; fileRef = 1A7B06912B5D67250024356C /* SubwayStationRepository.swift */; };
		1A87EAF52B691FA50059F80A /* MatchingRepository.swift in Sources */ = {isa = PBXBuildFile; fileRef = 1A792B8C2B5D653B00A080F2 /* MatchingRepository.swift */; };
		1A87EAF62B691FA70059F80A /* SubwayInfo.swift in Sources */ = {isa = PBXBuildFile; fileRef = 1A45883D2B64EAD600FBB841 /* SubwayInfo.swift */; };
		1A87EAF72B691FA90059F80A /* Profile.swift in Sources */ = {isa = PBXBuildFile; fileRef = 1ACE49632B5B9F4A00024336 /* Profile.swift */; };
		1A87EAF82B691FAC0059F80A /* MatchingInfo.swift in Sources */ = {isa = PBXBuildFile; fileRef = 1A7B06A12B5D8C710024356C /* MatchingInfo.swift */; };
		1A87EAF92B691FB00059F80A /* CreateUserQuery.swift in Sources */ = {isa = PBXBuildFile; fileRef = 1A792B842B5D5A5100A080F2 /* CreateUserQuery.swift */; };
		1A87EAFA2B691FB20059F80A /* MatchingUserQuery.swift in Sources */ = {isa = PBXBuildFile; fileRef = 1A792B882B5D62A300A080F2 /* MatchingUserQuery.swift */; };
		1A87EAFB2B691FB60059F80A /* SearchSubwayStationQuery.swift in Sources */ = {isa = PBXBuildFile; fileRef = 1A7B06972B5D68650024356C /* SearchSubwayStationQuery.swift */; };
		1A87EAFC2B691FEA0059F80A /* UserDataStorage.swift in Sources */ = {isa = PBXBuildFile; fileRef = 1ACE49782B5BA2F100024336 /* UserDataStorage.swift */; };
		1A87EAFE2B691FF80059F80A /* SearchUser.Res.swift in Sources */ = {isa = PBXBuildFile; fileRef = 1A45882E2B64D70700FBB841 /* SearchUser.Res.swift */; };
		1A87EAFF2B691FFB0059F80A /* CreateProfile.Res.swift in Sources */ = {isa = PBXBuildFile; fileRef = 1ACE497C2B5BA3B600024336 /* CreateProfile.Res.swift */; };
		1A87EB002B691FFE0059F80A /* MatchingUser.Res.swift in Sources */ = {isa = PBXBuildFile; fileRef = 1A44AAAD2B67F218006D8894 /* MatchingUser.Res.swift */; };
		1A87EB012B6920010059F80A /* CreateProfile.Req.swift in Sources */ = {isa = PBXBuildFile; fileRef = 1A44AAAB2B67EFCD006D8894 /* CreateProfile.Req.swift */; };
		1A87EB022B6920030059F80A /* GetProfileFromDeviceId.Req.swift in Sources */ = {isa = PBXBuildFile; fileRef = 1A44AAA62B67E81F006D8894 /* GetProfileFromDeviceId.Req.swift */; };
		1A87EB032B6920050059F80A /* GetProfileFromId.Req.swift in Sources */ = {isa = PBXBuildFile; fileRef = 1A44AAA82B67E848006D8894 /* GetProfileFromId.Req.swift */; };
		1A87EB042B6920080059F80A /* SearchSubwayStation.Req.swift in Sources */ = {isa = PBXBuildFile; fileRef = 1A7B06992B5D68AC0024356C /* SearchSubwayStation.Req.swift */; };
		1A87EB052B69200B0059F80A /* MatchingUser.Req.swift in Sources */ = {isa = PBXBuildFile; fileRef = 1A792B8A2B5D62BE00A080F2 /* MatchingUser.Req.swift */; };
		1A87EB072B6A6A430059F80A /* APIClient.swift in Sources */ = {isa = PBXBuildFile; fileRef = 1A87EB062B6A6A430059F80A /* APIClient.swift */; };
		1A87EB082B6DFD430059F80A /* APIClient.swift in Sources */ = {isa = PBXBuildFile; fileRef = 1A87EB062B6A6A430059F80A /* APIClient.swift */; };
		1A87EB0A2B6E0DCC0059F80A /* FetchProfileUseCase.swift in Sources */ = {isa = PBXBuildFile; fileRef = 1A87EB092B6E0DCC0059F80A /* FetchProfileUseCase.swift */; };
		1A87EB0C2B6E0FA10059F80A /* FetchUserQuery.swift in Sources */ = {isa = PBXBuildFile; fileRef = 1A87EB0B2B6E0FA10059F80A /* FetchUserQuery.swift */; };
		1A87EB0D2B6E10A40059F80A /* FetchUserQuery.swift in Sources */ = {isa = PBXBuildFile; fileRef = 1A87EB0B2B6E0FA10059F80A /* FetchUserQuery.swift */; };
		1A87EB0F2B6E1CC20059F80A /* MatchingRepositoryTests.swift in Sources */ = {isa = PBXBuildFile; fileRef = 1A87EB0E2B6E1CC20059F80A /* MatchingRepositoryTests.swift */; };
		1A87EB4B2B6FEF2A0059F80A /* SearchSubway.Res.swift in Sources */ = {isa = PBXBuildFile; fileRef = 1A87EB4A2B6FEF2A0059F80A /* SearchSubway.Res.swift */; };
		1A8F12E82B8780A1001E0237 /* HomePresentation.swift in Sources */ = {isa = PBXBuildFile; fileRef = 1A8F12E72B8780A1001E0237 /* HomePresentation.swift */; };
		1A8F12EA2B8784B8001E0237 /* ProfileEditorPresentation.swift in Sources */ = {isa = PBXBuildFile; fileRef = 1A8F12E92B8784B8001E0237 /* ProfileEditorPresentation.swift */; };
		1A8F12EC2B878A54001E0237 /* MBTIBoardView.swift in Sources */ = {isa = PBXBuildFile; fileRef = 1A8F12EB2B878A54001E0237 /* MBTIBoardView.swift */; };
		1A8F12EF2B87A259001E0237 /* MBTI.swift in Sources */ = {isa = PBXBuildFile; fileRef = 1A8F12EE2B87A258001E0237 /* MBTI.swift */; };
		1A8F12F12B87A33C001E0237 /* MBTIBoardUseCase.swift in Sources */ = {isa = PBXBuildFile; fileRef = 1A8F12F02B87A33C001E0237 /* MBTIBoardUseCase.swift */; };
		1A8F12F42B87A914001E0237 /* MBTIRepositoryImpl.swift in Sources */ = {isa = PBXBuildFile; fileRef = 1A8F12F32B87A914001E0237 /* MBTIRepositoryImpl.swift */; };
		1A8F12FA2B8A068A001E0237 /* SearchSubwayUseCase.swift in Sources */ = {isa = PBXBuildFile; fileRef = 1A8F12F92B8A068A001E0237 /* SearchSubwayUseCase.swift */; };
		1A8F12FD2B8A152A001E0237 /* MatchingUseCase.swift in Sources */ = {isa = PBXBuildFile; fileRef = 1A8F12FC2B8A152A001E0237 /* MatchingUseCase.swift */; };
		1A8F13042B8B7791001E0237 /* OpenURLInject.swift in Sources */ = {isa = PBXBuildFile; fileRef = 1A8F13032B8B7791001E0237 /* OpenURLInject.swift */; };
		1A8F13092B8B7DAB001E0237 /* LinkStringSet.swift in Sources */ = {isa = PBXBuildFile; fileRef = 1A8F13082B8B7DAB001E0237 /* LinkStringSet.swift */; };
		1A8F130B2B8B8EDF001E0237 /* EasterEggView.swift in Sources */ = {isa = PBXBuildFile; fileRef = 1A8F130A2B8B8EDF001E0237 /* EasterEggView.swift */; };
		1AC781192B90E3F000E298E3 /* EasterEggViewModel.swift in Sources */ = {isa = PBXBuildFile; fileRef = 1AC781182B90E3F000E298E3 /* EasterEggViewModel.swift */; };
		1AC7811B2B90E42000E298E3 /* EasterEggViewBuilder.swift in Sources */ = {isa = PBXBuildFile; fileRef = 1AC7811A2B90E42000E298E3 /* EasterEggViewBuilder.swift */; };
		1AC7811C2B90E5C400E298E3 /* LinkStringSet.swift in Sources */ = {isa = PBXBuildFile; fileRef = 1A8F13082B8B7DAB001E0237 /* LinkStringSet.swift */; };
		1AC7811E2B90E72200E298E3 /* MBTIRepository.swift in Sources */ = {isa = PBXBuildFile; fileRef = 1AC7811D2B90E72200E298E3 /* MBTIRepository.swift */; };
		1AC781202B90E81500E298E3 /* RepositoryError.swift in Sources */ = {isa = PBXBuildFile; fileRef = 1AC7811F2B90E81500E298E3 /* RepositoryError.swift */; };
		1ACE493C2B5B9D0B00024336 /* FunchApp.swift in Sources */ = {isa = PBXBuildFile; fileRef = 1ACE493B2B5B9D0B00024336 /* FunchApp.swift */; };
		1ACE49402B5B9D0D00024336 /* Image.xcassets in Resources */ = {isa = PBXBuildFile; fileRef = 1ACE493F2B5B9D0D00024336 /* Image.xcassets */; };
		1ACE49432B5B9D0D00024336 /* Preview Assets.xcassets in Resources */ = {isa = PBXBuildFile; fileRef = 1ACE49422B5B9D0D00024336 /* Preview Assets.xcassets */; };
		1ACE49542B5B9E6400024336 /* HomeView.swift in Sources */ = {isa = PBXBuildFile; fileRef = 1ACE49532B5B9E6400024336 /* HomeView.swift */; };
		1ACE49562B5B9E9300024336 /* ProfileView.swift in Sources */ = {isa = PBXBuildFile; fileRef = 1ACE49552B5B9E9300024336 /* ProfileView.swift */; };
		1ACE49582B5B9ECE00024336 /* MatchResultView.swift in Sources */ = {isa = PBXBuildFile; fileRef = 1ACE49572B5B9ECE00024336 /* MatchResultView.swift */; };
		1ACE495A2B5B9EDE00024336 /* ProfileEditorView.swift in Sources */ = {isa = PBXBuildFile; fileRef = 1ACE49592B5B9EDE00024336 /* ProfileEditorView.swift */; };
		1ACE495C2B5B9EF200024336 /* OnboardingView.swift in Sources */ = {isa = PBXBuildFile; fileRef = 1ACE495B2B5B9EF200024336 /* OnboardingView.swift */; };
		1ACE49642B5B9F4A00024336 /* Profile.swift in Sources */ = {isa = PBXBuildFile; fileRef = 1ACE49632B5B9F4A00024336 /* Profile.swift */; };
		1ACE49662B5BA06D00024336 /* ProfileRepository.swift in Sources */ = {isa = PBXBuildFile; fileRef = 1ACE49652B5BA06D00024336 /* ProfileRepository.swift */; };
		1ACE496A2B5BA19200024336 /* CreateProfileUseCase.swift in Sources */ = {isa = PBXBuildFile; fileRef = 1ACE49692B5BA19200024336 /* CreateProfileUseCase.swift */; };
		1ACE49792B5BA2F100024336 /* UserDataStorage.swift in Sources */ = {isa = PBXBuildFile; fileRef = 1ACE49782B5BA2F100024336 /* UserDataStorage.swift */; };
		1ACE497D2B5BA3B600024336 /* CreateProfile.Res.swift in Sources */ = {isa = PBXBuildFile; fileRef = 1ACE497C2B5BA3B600024336 /* CreateProfile.Res.swift */; };
		1ACE49802B5BA46600024336 /* ProfileRepositoryImpl.swift in Sources */ = {isa = PBXBuildFile; fileRef = 1ACE497F2B5BA46600024336 /* ProfileRepositoryImpl.swift */; };
		1ACE49862B5BAB5F00024336 /* DefaultFunchButtonStyle.swift in Sources */ = {isa = PBXBuildFile; fileRef = 1ACE49852B5BAB5F00024336 /* DefaultFunchButtonStyle.swift */; };
		1ACE498D2B5C111500024336 /* ChipView.swift in Sources */ = {isa = PBXBuildFile; fileRef = 1ACE498C2B5C111500024336 /* ChipView.swift */; };
		3E1E73EF2B7071030082386A /* SubwayStationRepositoryTests.swift in Sources */ = {isa = PBXBuildFile; fileRef = 3E1E73EE2B7071030082386A /* SubwayStationRepositoryTests.swift */; };
		3E1E73F12B70B3570082386A /* ChipButton.swift in Sources */ = {isa = PBXBuildFile; fileRef = 3E1E73F02B70B3570082386A /* ChipButton.swift */; };
		3E1E73F32B713B3A0082386A /* String+.swift in Sources */ = {isa = PBXBuildFile; fileRef = 3E1E73F22B713B3A0082386A /* String+.swift */; };
		3E1E73F92B7465680082386A /* FunchDropDownMenu.swift in Sources */ = {isa = PBXBuildFile; fileRef = 3E1E73F82B7465680082386A /* FunchDropDownMenu.swift */; };
		3E1E73FC2B74AC510082386A /* Gradient+.swift in Sources */ = {isa = PBXBuildFile; fileRef = 3E1E73FB2B74AC510082386A /* Gradient+.swift */; };
		3E1E74092B7A0F150082386A /* SwiftUIPager in Frameworks */ = {isa = PBXBuildFile; productRef = 3E1E74082B7A0F150082386A /* SwiftUIPager */; };
		3E1E740B2B7A22A80082386A /* ChemistryLabel.swift in Sources */ = {isa = PBXBuildFile; fileRef = 3E1E740A2B7A22A80082386A /* ChemistryLabel.swift */; };
		3E1E740D2B7A73590082386A /* ChipViewHighlighter.swift in Sources */ = {isa = PBXBuildFile; fileRef = 3E1E740C2B7A73590082386A /* ChipViewHighlighter.swift */; };
		3E28CC632B7D2C1500818CD3 /* Array+.swift in Sources */ = {isa = PBXBuildFile; fileRef = 3E28CC622B7D2C1500818CD3 /* Array+.swift */; };
		3E28CC652B7E131900818CD3 /* KeyboardBottomPaddingModifier.swift in Sources */ = {isa = PBXBuildFile; fileRef = 3E28CC642B7E131900818CD3 /* KeyboardBottomPaddingModifier.swift */; };
		3E28CC672B7E61E000818CD3 /* SearchSubway.Res.swift in Sources */ = {isa = PBXBuildFile; fileRef = 1A87EB4A2B6FEF2A0059F80A /* SearchSubway.Res.swift */; };
		3E28CC682B7E624F00818CD3 /* Array+.swift in Sources */ = {isa = PBXBuildFile; fileRef = 3E28CC622B7D2C1500818CD3 /* Array+.swift */; };
		3E28CC6C2B7E629300818CD3 /* FetchProfileUseCase.swift in Sources */ = {isa = PBXBuildFile; fileRef = 1A87EB092B6E0DCC0059F80A /* FetchProfileUseCase.swift */; };
		3EA69BFF2B5C342F008AE23B /* FunchTextField.swift in Sources */ = {isa = PBXBuildFile; fileRef = 3EA69BFE2B5C342E008AE23B /* FunchTextField.swift */; };
		3EA69C012B5D61E9008AE23B /* DynamicHGrid.swift in Sources */ = {isa = PBXBuildFile; fileRef = 3EA69C002B5D61E9008AE23B /* DynamicHGrid.swift */; };
		3EA69C032B5D67A3008AE23B /* NoTapEffectButtonStyle.swift in Sources */ = {isa = PBXBuildFile; fileRef = 3EA69C022B5D67A3008AE23B /* NoTapEffectButtonStyle.swift */; };
		3EA69C0F2B5E9AB2008AE23B /* View+.swift in Sources */ = {isa = PBXBuildFile; fileRef = 3EA69C0E2B5E9AB2008AE23B /* View+.swift */; };
		3EA69C132B5ED709008AE23B /* Color.xcassets in Resources */ = {isa = PBXBuildFile; fileRef = 3EA69C122B5ED709008AE23B /* Color.xcassets */; };
		3EA69C1C2B5ED956008AE23B /* Font+.swift in Sources */ = {isa = PBXBuildFile; fileRef = 3EA69C1B2B5ED956008AE23B /* Font+.swift */; };
		3EA69C292B5EDF44008AE23B /* SpoqaHanSansNeo-Bold.otf in Resources */ = {isa = PBXBuildFile; fileRef = 3EA69C262B5EDF43008AE23B /* SpoqaHanSansNeo-Bold.otf */; };
		3EA69C2A2B5EDF44008AE23B /* SpoqaHanSansNeo-Medium.otf in Resources */ = {isa = PBXBuildFile; fileRef = 3EA69C272B5EDF44008AE23B /* SpoqaHanSansNeo-Medium.otf */; };
		3EA69C2B2B5EDF44008AE23B /* SpoqaHanSansNeo-Regular.otf in Resources */ = {isa = PBXBuildFile; fileRef = 3EA69C282B5EDF44008AE23B /* SpoqaHanSansNeo-Regular.otf */; };
		3EA69C2D2B5EE591008AE23B /* Text+.swift in Sources */ = {isa = PBXBuildFile; fileRef = 3EA69C2C2B5EE591008AE23B /* Text+.swift */; };
		3EA69C3F2B64C086008AE23B /* CGFloat+.swift in Sources */ = {isa = PBXBuildFile; fileRef = 3EA69C3E2B64C086008AE23B /* CGFloat+.swift */; };
		3EA875512B83C11E00713C64 /* SubwayLines.swift in Sources */ = {isa = PBXBuildFile; fileRef = 3EA875502B83C11E00713C64 /* SubwayLines.swift */; };
		3EA875532B83C4EE00713C64 /* SubwayChemistryLabel.swift in Sources */ = {isa = PBXBuildFile; fileRef = 3EA875522B83C4EE00713C64 /* SubwayChemistryLabel.swift */; };
		3EA875552B843EEC00713C64 /* SubwayChipView.swift in Sources */ = {isa = PBXBuildFile; fileRef = 3EA875542B843EEC00713C64 /* SubwayChipView.swift */; };
		3EA875622B86434800713C64 /* DeleteProfile.Req.swift in Sources */ = {isa = PBXBuildFile; fileRef = 3EA875612B86434800713C64 /* DeleteProfile.Req.swift */; };
		3EA875642B86447B00713C64 /* DeleteProfileQuery.swift in Sources */ = {isa = PBXBuildFile; fileRef = 3EA875632B86447B00713C64 /* DeleteProfileQuery.swift */; };
		3EA875662B8645AE00713C64 /* DeleteProfileUseCase.swift in Sources */ = {isa = PBXBuildFile; fileRef = 3EA875652B8645AE00713C64 /* DeleteProfileUseCase.swift */; };
		3EA875682B86492B00713C64 /* DeleteProfile.Res.swift in Sources */ = {isa = PBXBuildFile; fileRef = 3EA875672B86492B00713C64 /* DeleteProfile.Res.swift */; };
		3EA8756A2B8654E000713C64 /* DeleteProfileQuery.swift in Sources */ = {isa = PBXBuildFile; fileRef = 3EA875632B86447B00713C64 /* DeleteProfileQuery.swift */; };
		3EA8756C2B8656EF00713C64 /* DeleteProfileUseCase.swift in Sources */ = {isa = PBXBuildFile; fileRef = 3EA875652B8645AE00713C64 /* DeleteProfileUseCase.swift */; };
		3EA8756D2B86570B00713C64 /* DeleteProfile.Req.swift in Sources */ = {isa = PBXBuildFile; fileRef = 3EA875612B86434800713C64 /* DeleteProfile.Req.swift */; };
		3EA8756E2B86571000713C64 /* DeleteProfile.Res.swift in Sources */ = {isa = PBXBuildFile; fileRef = 3EA875672B86492B00713C64 /* DeleteProfile.Res.swift */; };
		3ED755192B88A87700529084 /* MBTIBoardViewModel.swift in Sources */ = {isa = PBXBuildFile; fileRef = 3ED755182B88A87700529084 /* MBTIBoardViewModel.swift */; };
		3ED7551B2B89F66C00529084 /* MBTIBoardViewBuilder.swift in Sources */ = {isa = PBXBuildFile; fileRef = 3ED7551A2B89F66C00529084 /* MBTIBoardViewBuilder.swift */; };
		3EE810682B7F74CE007B8A87 /* ImageResource+.swift in Sources */ = {isa = PBXBuildFile; fileRef = 3EE810672B7F74CE007B8A87 /* ImageResource+.swift */; };
		3EE8106B2B806DC6007B8A87 /* Lottie in Frameworks */ = {isa = PBXBuildFile; productRef = 3EE8106A2B806DC6007B8A87 /* Lottie */; };
		3EE8106E2B80705D007B8A87 /* SplashView.swift in Sources */ = {isa = PBXBuildFile; fileRef = 3EE8106D2B80705D007B8A87 /* SplashView.swift */; };
		3EE810712B8076F5007B8A87 /* Funch_splash_logo.json in Resources */ = {isa = PBXBuildFile; fileRef = 3EE810702B8076F5007B8A87 /* Funch_splash_logo.json */; };
		3EE810732B8076F9007B8A87 /* Funch_splash_background_ani.json in Resources */ = {isa = PBXBuildFile; fileRef = 3EE810722B8076F9007B8A87 /* Funch_splash_background_ani.json */; };
		3EE810762B81D234007B8A87 /* MatchResultViewModel.swift in Sources */ = {isa = PBXBuildFile; fileRef = 3EE810752B81D234007B8A87 /* MatchResultViewModel.swift */; };
		3EE810782B831865007B8A87 /* ProfileEditorViewModel.swift in Sources */ = {isa = PBXBuildFile; fileRef = 3EE810772B831865007B8A87 /* ProfileEditorViewModel.swift */; };
		3EE8107C2B8318EC007B8A87 /* ProfileEditorViewBuilder.swift in Sources */ = {isa = PBXBuildFile; fileRef = 3EE8107B2B8318EC007B8A87 /* ProfileEditorViewBuilder.swift */; };
/* End PBXBuildFile section */

/* Begin PBXContainerItemProxy section */
		1A4588382B64DE2100FBB841 /* PBXContainerItemProxy */ = {
			isa = PBXContainerItemProxy;
			containerPortal = 1ACE49302B5B9D0B00024336 /* Project object */;
			proxyType = 1;
			remoteGlobalIDString = 1ACE49372B5B9D0B00024336;
			remoteInfo = FunchApp;
		};
/* End PBXContainerItemProxy section */

/* Begin PBXFileReference section */
		1A44AAA62B67E81F006D8894 /* GetProfileFromDeviceId.Req.swift */ = {isa = PBXFileReference; lastKnownFileType = sourcecode.swift; path = GetProfileFromDeviceId.Req.swift; sourceTree = "<group>"; };
		1A44AAA82B67E848006D8894 /* GetProfileFromId.Req.swift */ = {isa = PBXFileReference; lastKnownFileType = sourcecode.swift; path = GetProfileFromId.Req.swift; sourceTree = "<group>"; };
		1A44AAAB2B67EFCD006D8894 /* CreateProfile.Req.swift */ = {isa = PBXFileReference; lastKnownFileType = sourcecode.swift; path = CreateProfile.Req.swift; sourceTree = "<group>"; };
		1A44AAAD2B67F218006D8894 /* MatchingUser.Res.swift */ = {isa = PBXFileReference; lastKnownFileType = sourcecode.swift; path = MatchingUser.Res.swift; sourceTree = "<group>"; };
		1A45882E2B64D70700FBB841 /* SearchUser.Res.swift */ = {isa = PBXFileReference; lastKnownFileType = sourcecode.swift; path = SearchUser.Res.swift; sourceTree = "<group>"; };
		1A4588342B64DE2100FBB841 /* FunchAppTests.xctest */ = {isa = PBXFileReference; explicitFileType = wrapper.cfbundle; includeInIndex = 0; path = FunchAppTests.xctest; sourceTree = BUILT_PRODUCTS_DIR; };
		1A4588362B64DE2100FBB841 /* ProfileRepositoryTests.swift */ = {isa = PBXFileReference; lastKnownFileType = sourcecode.swift; path = ProfileRepositoryTests.swift; sourceTree = "<group>"; };
		1A45883D2B64EAD600FBB841 /* SubwayInfo.swift */ = {isa = PBXFileReference; lastKnownFileType = sourcecode.swift; path = SubwayInfo.swift; sourceTree = "<group>"; };
		1A792B702B5D465700A080F2 /* DefaultTargetType.swift */ = {isa = PBXFileReference; lastKnownFileType = sourcecode.swift; path = DefaultTargetType.swift; sourceTree = "<group>"; };
		1A792B732B5D55D400A080F2 /* RequestDTO.swift */ = {isa = PBXFileReference; lastKnownFileType = sourcecode.swift; path = RequestDTO.swift; sourceTree = "<group>"; };
		1A792B762B5D55F700A080F2 /* ResponseDTO.swift */ = {isa = PBXFileReference; lastKnownFileType = sourcecode.swift; path = ResponseDTO.swift; sourceTree = "<group>"; };
		1A792B7B2B5D56BA00A080F2 /* GetProfileFromDeviceId.Res.swift */ = {isa = PBXFileReference; lastKnownFileType = sourcecode.swift; path = GetProfileFromDeviceId.Res.swift; sourceTree = "<group>"; };
		1A792B7E2B5D580500A080F2 /* Respondable.swift */ = {isa = PBXFileReference; lastKnownFileType = sourcecode.swift; path = Respondable.swift; sourceTree = "<group>"; };
		1A792B802B5D581600A080F2 /* Requestable.swift */ = {isa = PBXFileReference; lastKnownFileType = sourcecode.swift; path = Requestable.swift; sourceTree = "<group>"; };
		1A792B842B5D5A5100A080F2 /* CreateUserQuery.swift */ = {isa = PBXFileReference; lastKnownFileType = sourcecode.swift; path = CreateUserQuery.swift; sourceTree = "<group>"; };
		1A792B862B5D605400A080F2 /* MatchingRepositoryImpl.swift */ = {isa = PBXFileReference; lastKnownFileType = sourcecode.swift; path = MatchingRepositoryImpl.swift; sourceTree = "<group>"; };
		1A792B882B5D62A300A080F2 /* MatchingUserQuery.swift */ = {isa = PBXFileReference; lastKnownFileType = sourcecode.swift; path = MatchingUserQuery.swift; sourceTree = "<group>"; };
		1A792B8A2B5D62BE00A080F2 /* MatchingUser.Req.swift */ = {isa = PBXFileReference; lastKnownFileType = sourcecode.swift; path = MatchingUser.Req.swift; sourceTree = "<group>"; };
		1A792B8C2B5D653B00A080F2 /* MatchingRepository.swift */ = {isa = PBXFileReference; lastKnownFileType = sourcecode.swift; path = MatchingRepository.swift; sourceTree = "<group>"; };
		1A7B068F2B5D669A0024356C /* SubwayStationRepositoryImpl.swift */ = {isa = PBXFileReference; lastKnownFileType = sourcecode.swift; path = SubwayStationRepositoryImpl.swift; sourceTree = "<group>"; };
		1A7B06912B5D67250024356C /* SubwayStationRepository.swift */ = {isa = PBXFileReference; lastKnownFileType = sourcecode.swift; path = SubwayStationRepository.swift; sourceTree = "<group>"; };
		1A7B06932B5D67570024356C /* DictionaryType.swift */ = {isa = PBXFileReference; lastKnownFileType = sourcecode.swift; path = DictionaryType.swift; sourceTree = "<group>"; };
		1A7B06972B5D68650024356C /* SearchSubwayStationQuery.swift */ = {isa = PBXFileReference; lastKnownFileType = sourcecode.swift; path = SearchSubwayStationQuery.swift; sourceTree = "<group>"; };
		1A7B06992B5D68AC0024356C /* SearchSubwayStation.Req.swift */ = {isa = PBXFileReference; lastKnownFileType = sourcecode.swift; path = SearchSubwayStation.Req.swift; sourceTree = "<group>"; };
		1A7B069B2B5D6D600024356C /* UIDeivce+.swift */ = {isa = PBXFileReference; lastKnownFileType = sourcecode.swift; path = "UIDeivce+.swift"; sourceTree = "<group>"; };
		1A7B069D2B5D702D0024356C /* APIEnvironment.swift */ = {isa = PBXFileReference; lastKnownFileType = sourcecode.swift; path = APIEnvironment.swift; sourceTree = "<group>"; };
		1A7B06A12B5D8C710024356C /* MatchingInfo.swift */ = {isa = PBXFileReference; lastKnownFileType = sourcecode.swift; path = MatchingInfo.swift; sourceTree = "<group>"; };
		1A7B83792B79E0BA007408D7 /* AppCoordinator.swift */ = {isa = PBXFileReference; lastKnownFileType = sourcecode.swift; path = AppCoordinator.swift; sourceTree = "<group>"; };
		1A7B837B2B7A067D007408D7 /* UserService.swift */ = {isa = PBXFileReference; lastKnownFileType = sourcecode.swift; path = UserService.swift; sourceTree = "<group>"; };
		1A83F0272B80D74200E6EC89 /* HomeViewBuilder.swift */ = {isa = PBXFileReference; lastKnownFileType = sourcecode.swift; path = HomeViewBuilder.swift; sourceTree = "<group>"; };
		1A83F02B2B80E1BD00E6EC89 /* HomeViewModel.swift */ = {isa = PBXFileReference; lastKnownFileType = sourcecode.swift; path = HomeViewModel.swift; sourceTree = "<group>"; };
		1A83F02D2B80E26B00E6EC89 /* MatchResultViewBuilder.swift */ = {isa = PBXFileReference; lastKnownFileType = sourcecode.swift; path = MatchResultViewBuilder.swift; sourceTree = "<group>"; };
		1A83F0302B80E6CB00E6EC89 /* ProfileViewBuilder.swift */ = {isa = PBXFileReference; lastKnownFileType = sourcecode.swift; path = ProfileViewBuilder.swift; sourceTree = "<group>"; };
		1A83F0322B80E6E000E6EC89 /* ProfileViewModel.swift */ = {isa = PBXFileReference; lastKnownFileType = sourcecode.swift; path = ProfileViewModel.swift; sourceTree = "<group>"; };
		1A83F0352B80E88300E6EC89 /* OnboardingViewBuilder.swift */ = {isa = PBXFileReference; lastKnownFileType = sourcecode.swift; path = OnboardingViewBuilder.swift; sourceTree = "<group>"; };
		1A83F0372B80E8E200E6EC89 /* SplashViewBuilder.swift */ = {isa = PBXFileReference; lastKnownFileType = sourcecode.swift; path = SplashViewBuilder.swift; sourceTree = "<group>"; };
		1A87EB062B6A6A430059F80A /* APIClient.swift */ = {isa = PBXFileReference; lastKnownFileType = sourcecode.swift; path = APIClient.swift; sourceTree = "<group>"; };
		1A87EB092B6E0DCC0059F80A /* FetchProfileUseCase.swift */ = {isa = PBXFileReference; lastKnownFileType = sourcecode.swift; path = FetchProfileUseCase.swift; sourceTree = "<group>"; };
		1A87EB0B2B6E0FA10059F80A /* FetchUserQuery.swift */ = {isa = PBXFileReference; lastKnownFileType = sourcecode.swift; path = FetchUserQuery.swift; sourceTree = "<group>"; };
		1A87EB0E2B6E1CC20059F80A /* MatchingRepositoryTests.swift */ = {isa = PBXFileReference; lastKnownFileType = sourcecode.swift; path = MatchingRepositoryTests.swift; sourceTree = "<group>"; };
		1A87EB4A2B6FEF2A0059F80A /* SearchSubway.Res.swift */ = {isa = PBXFileReference; lastKnownFileType = sourcecode.swift; path = SearchSubway.Res.swift; sourceTree = "<group>"; };
		1A8F12E72B8780A1001E0237 /* HomePresentation.swift */ = {isa = PBXFileReference; lastKnownFileType = sourcecode.swift; path = HomePresentation.swift; sourceTree = "<group>"; };
		1A8F12E92B8784B8001E0237 /* ProfileEditorPresentation.swift */ = {isa = PBXFileReference; lastKnownFileType = sourcecode.swift; path = ProfileEditorPresentation.swift; sourceTree = "<group>"; };
		1A8F12EB2B878A54001E0237 /* MBTIBoardView.swift */ = {isa = PBXFileReference; lastKnownFileType = sourcecode.swift; path = MBTIBoardView.swift; sourceTree = "<group>"; };
		1A8F12EE2B87A258001E0237 /* MBTI.swift */ = {isa = PBXFileReference; lastKnownFileType = sourcecode.swift; path = MBTI.swift; sourceTree = "<group>"; };
		1A8F12F02B87A33C001E0237 /* MBTIBoardUseCase.swift */ = {isa = PBXFileReference; lastKnownFileType = sourcecode.swift; path = MBTIBoardUseCase.swift; sourceTree = "<group>"; };
		1A8F12F32B87A914001E0237 /* MBTIRepositoryImpl.swift */ = {isa = PBXFileReference; lastKnownFileType = sourcecode.swift; path = MBTIRepositoryImpl.swift; sourceTree = "<group>"; };
		1A8F12F92B8A068A001E0237 /* SearchSubwayUseCase.swift */ = {isa = PBXFileReference; lastKnownFileType = sourcecode.swift; path = SearchSubwayUseCase.swift; sourceTree = "<group>"; };
		1A8F12FC2B8A152A001E0237 /* MatchingUseCase.swift */ = {isa = PBXFileReference; lastKnownFileType = sourcecode.swift; path = MatchingUseCase.swift; sourceTree = "<group>"; };
		1A8F13032B8B7791001E0237 /* OpenURLInject.swift */ = {isa = PBXFileReference; lastKnownFileType = sourcecode.swift; path = OpenURLInject.swift; sourceTree = "<group>"; };
		1A8F13082B8B7DAB001E0237 /* LinkStringSet.swift */ = {isa = PBXFileReference; lastKnownFileType = sourcecode.swift; path = LinkStringSet.swift; sourceTree = "<group>"; };
		1A8F130A2B8B8EDF001E0237 /* EasterEggView.swift */ = {isa = PBXFileReference; lastKnownFileType = sourcecode.swift; path = EasterEggView.swift; sourceTree = "<group>"; };
		1AC781182B90E3F000E298E3 /* EasterEggViewModel.swift */ = {isa = PBXFileReference; lastKnownFileType = sourcecode.swift; path = EasterEggViewModel.swift; sourceTree = "<group>"; };
		1AC7811A2B90E42000E298E3 /* EasterEggViewBuilder.swift */ = {isa = PBXFileReference; lastKnownFileType = sourcecode.swift; path = EasterEggViewBuilder.swift; sourceTree = "<group>"; };
		1AC7811D2B90E72200E298E3 /* MBTIRepository.swift */ = {isa = PBXFileReference; lastKnownFileType = sourcecode.swift; path = MBTIRepository.swift; sourceTree = "<group>"; };
		1AC7811F2B90E81500E298E3 /* RepositoryError.swift */ = {isa = PBXFileReference; lastKnownFileType = sourcecode.swift; path = RepositoryError.swift; sourceTree = "<group>"; };
		1ACE49382B5B9D0B00024336 /* FunchApp.app */ = {isa = PBXFileReference; explicitFileType = wrapper.application; includeInIndex = 0; path = FunchApp.app; sourceTree = BUILT_PRODUCTS_DIR; };
		1ACE493B2B5B9D0B00024336 /* FunchApp.swift */ = {isa = PBXFileReference; lastKnownFileType = sourcecode.swift; path = FunchApp.swift; sourceTree = "<group>"; };
		1ACE493F2B5B9D0D00024336 /* Image.xcassets */ = {isa = PBXFileReference; lastKnownFileType = folder.assetcatalog; path = Image.xcassets; sourceTree = "<group>"; };
		1ACE49422B5B9D0D00024336 /* Preview Assets.xcassets */ = {isa = PBXFileReference; lastKnownFileType = folder.assetcatalog; path = "Preview Assets.xcassets"; sourceTree = "<group>"; };
		1ACE49532B5B9E6400024336 /* HomeView.swift */ = {isa = PBXFileReference; lastKnownFileType = sourcecode.swift; path = HomeView.swift; sourceTree = "<group>"; };
		1ACE49552B5B9E9300024336 /* ProfileView.swift */ = {isa = PBXFileReference; lastKnownFileType = sourcecode.swift; path = ProfileView.swift; sourceTree = "<group>"; };
		1ACE49572B5B9ECE00024336 /* MatchResultView.swift */ = {isa = PBXFileReference; lastKnownFileType = sourcecode.swift; path = MatchResultView.swift; sourceTree = "<group>"; };
		1ACE49592B5B9EDE00024336 /* ProfileEditorView.swift */ = {isa = PBXFileReference; lastKnownFileType = sourcecode.swift; path = ProfileEditorView.swift; sourceTree = "<group>"; };
		1ACE495B2B5B9EF200024336 /* OnboardingView.swift */ = {isa = PBXFileReference; lastKnownFileType = sourcecode.swift; path = OnboardingView.swift; sourceTree = "<group>"; };
		1ACE49632B5B9F4A00024336 /* Profile.swift */ = {isa = PBXFileReference; lastKnownFileType = sourcecode.swift; path = Profile.swift; sourceTree = "<group>"; };
		1ACE49652B5BA06D00024336 /* ProfileRepository.swift */ = {isa = PBXFileReference; lastKnownFileType = sourcecode.swift; path = ProfileRepository.swift; sourceTree = "<group>"; };
		1ACE49692B5BA19200024336 /* CreateProfileUseCase.swift */ = {isa = PBXFileReference; lastKnownFileType = sourcecode.swift; path = CreateProfileUseCase.swift; sourceTree = "<group>"; };
		1ACE49782B5BA2F100024336 /* UserDataStorage.swift */ = {isa = PBXFileReference; lastKnownFileType = sourcecode.swift; path = UserDataStorage.swift; sourceTree = "<group>"; };
		1ACE497C2B5BA3B600024336 /* CreateProfile.Res.swift */ = {isa = PBXFileReference; lastKnownFileType = sourcecode.swift; path = CreateProfile.Res.swift; sourceTree = "<group>"; };
		1ACE497F2B5BA46600024336 /* ProfileRepositoryImpl.swift */ = {isa = PBXFileReference; lastKnownFileType = sourcecode.swift; path = ProfileRepositoryImpl.swift; sourceTree = "<group>"; };
		1ACE49852B5BAB5F00024336 /* DefaultFunchButtonStyle.swift */ = {isa = PBXFileReference; lastKnownFileType = sourcecode.swift; path = DefaultFunchButtonStyle.swift; sourceTree = "<group>"; };
		1ACE498C2B5C111500024336 /* ChipView.swift */ = {isa = PBXFileReference; lastKnownFileType = sourcecode.swift; path = ChipView.swift; sourceTree = "<group>"; };
		3E1E73EE2B7071030082386A /* SubwayStationRepositoryTests.swift */ = {isa = PBXFileReference; lastKnownFileType = sourcecode.swift; path = SubwayStationRepositoryTests.swift; sourceTree = "<group>"; };
		3E1E73F02B70B3570082386A /* ChipButton.swift */ = {isa = PBXFileReference; lastKnownFileType = sourcecode.swift; path = ChipButton.swift; sourceTree = "<group>"; };
		3E1E73F22B713B3A0082386A /* String+.swift */ = {isa = PBXFileReference; lastKnownFileType = sourcecode.swift; path = "String+.swift"; sourceTree = "<group>"; };
		3E1E73F82B7465680082386A /* FunchDropDownMenu.swift */ = {isa = PBXFileReference; lastKnownFileType = sourcecode.swift; path = FunchDropDownMenu.swift; sourceTree = "<group>"; };
		3E1E73FB2B74AC510082386A /* Gradient+.swift */ = {isa = PBXFileReference; lastKnownFileType = sourcecode.swift; path = "Gradient+.swift"; sourceTree = "<group>"; };
		3E1E740A2B7A22A80082386A /* ChemistryLabel.swift */ = {isa = PBXFileReference; lastKnownFileType = sourcecode.swift; path = ChemistryLabel.swift; sourceTree = "<group>"; };
		3E1E740C2B7A73590082386A /* ChipViewHighlighter.swift */ = {isa = PBXFileReference; lastKnownFileType = sourcecode.swift; path = ChipViewHighlighter.swift; sourceTree = "<group>"; };
		3E28CC622B7D2C1500818CD3 /* Array+.swift */ = {isa = PBXFileReference; lastKnownFileType = sourcecode.swift; path = "Array+.swift"; sourceTree = "<group>"; };
		3E28CC642B7E131900818CD3 /* KeyboardBottomPaddingModifier.swift */ = {isa = PBXFileReference; lastKnownFileType = sourcecode.swift; path = KeyboardBottomPaddingModifier.swift; sourceTree = "<group>"; };
		3EA69BFE2B5C342E008AE23B /* FunchTextField.swift */ = {isa = PBXFileReference; fileEncoding = 4; lastKnownFileType = sourcecode.swift; path = FunchTextField.swift; sourceTree = "<group>"; };
		3EA69C002B5D61E9008AE23B /* DynamicHGrid.swift */ = {isa = PBXFileReference; lastKnownFileType = sourcecode.swift; path = DynamicHGrid.swift; sourceTree = "<group>"; };
		3EA69C022B5D67A3008AE23B /* NoTapEffectButtonStyle.swift */ = {isa = PBXFileReference; lastKnownFileType = sourcecode.swift; path = NoTapEffectButtonStyle.swift; sourceTree = "<group>"; };
		3EA69C0E2B5E9AB2008AE23B /* View+.swift */ = {isa = PBXFileReference; lastKnownFileType = sourcecode.swift; path = "View+.swift"; sourceTree = "<group>"; };
		3EA69C122B5ED709008AE23B /* Color.xcassets */ = {isa = PBXFileReference; lastKnownFileType = folder.assetcatalog; path = Color.xcassets; sourceTree = "<group>"; };
		3EA69C1B2B5ED956008AE23B /* Font+.swift */ = {isa = PBXFileReference; lastKnownFileType = sourcecode.swift; path = "Font+.swift"; sourceTree = "<group>"; };
		3EA69C242B5EDA19008AE23B /* Info.plist */ = {isa = PBXFileReference; lastKnownFileType = text.plist; path = Info.plist; sourceTree = "<group>"; };
		3EA69C262B5EDF43008AE23B /* SpoqaHanSansNeo-Bold.otf */ = {isa = PBXFileReference; lastKnownFileType = file; path = "SpoqaHanSansNeo-Bold.otf"; sourceTree = "<group>"; };
		3EA69C272B5EDF44008AE23B /* SpoqaHanSansNeo-Medium.otf */ = {isa = PBXFileReference; lastKnownFileType = file; path = "SpoqaHanSansNeo-Medium.otf"; sourceTree = "<group>"; };
		3EA69C282B5EDF44008AE23B /* SpoqaHanSansNeo-Regular.otf */ = {isa = PBXFileReference; lastKnownFileType = file; path = "SpoqaHanSansNeo-Regular.otf"; sourceTree = "<group>"; };
		3EA69C2C2B5EE591008AE23B /* Text+.swift */ = {isa = PBXFileReference; lastKnownFileType = sourcecode.swift; path = "Text+.swift"; sourceTree = "<group>"; };
		3EA69C3E2B64C086008AE23B /* CGFloat+.swift */ = {isa = PBXFileReference; lastKnownFileType = sourcecode.swift; path = "CGFloat+.swift"; sourceTree = "<group>"; };
		3EA875502B83C11E00713C64 /* SubwayLines.swift */ = {isa = PBXFileReference; lastKnownFileType = sourcecode.swift; path = SubwayLines.swift; sourceTree = "<group>"; };
		3EA875522B83C4EE00713C64 /* SubwayChemistryLabel.swift */ = {isa = PBXFileReference; lastKnownFileType = sourcecode.swift; path = SubwayChemistryLabel.swift; sourceTree = "<group>"; };
		3EA875542B843EEC00713C64 /* SubwayChipView.swift */ = {isa = PBXFileReference; lastKnownFileType = sourcecode.swift; path = SubwayChipView.swift; sourceTree = "<group>"; };
		3EA8755A2B84DB2C00713C64 /* Config.xcconfig */ = {isa = PBXFileReference; lastKnownFileType = text.xcconfig; path = Config.xcconfig; sourceTree = "<group>"; };
		3EA875612B86434800713C64 /* DeleteProfile.Req.swift */ = {isa = PBXFileReference; lastKnownFileType = sourcecode.swift; path = DeleteProfile.Req.swift; sourceTree = "<group>"; };
		3EA875632B86447B00713C64 /* DeleteProfileQuery.swift */ = {isa = PBXFileReference; lastKnownFileType = sourcecode.swift; path = DeleteProfileQuery.swift; sourceTree = "<group>"; };
		3EA875652B8645AE00713C64 /* DeleteProfileUseCase.swift */ = {isa = PBXFileReference; fileEncoding = 4; lastKnownFileType = sourcecode.swift; path = DeleteProfileUseCase.swift; sourceTree = "<group>"; };
		3EA875672B86492B00713C64 /* DeleteProfile.Res.swift */ = {isa = PBXFileReference; lastKnownFileType = sourcecode.swift; path = DeleteProfile.Res.swift; sourceTree = "<group>"; };
		3ED755182B88A87700529084 /* MBTIBoardViewModel.swift */ = {isa = PBXFileReference; lastKnownFileType = sourcecode.swift; path = MBTIBoardViewModel.swift; sourceTree = "<group>"; };
		3ED7551A2B89F66C00529084 /* MBTIBoardViewBuilder.swift */ = {isa = PBXFileReference; lastKnownFileType = sourcecode.swift; path = MBTIBoardViewBuilder.swift; sourceTree = "<group>"; };
		3EE810672B7F74CE007B8A87 /* ImageResource+.swift */ = {isa = PBXFileReference; lastKnownFileType = sourcecode.swift; path = "ImageResource+.swift"; sourceTree = "<group>"; };
		3EE8106D2B80705D007B8A87 /* SplashView.swift */ = {isa = PBXFileReference; lastKnownFileType = sourcecode.swift; path = SplashView.swift; sourceTree = "<group>"; };
		3EE810702B8076F5007B8A87 /* Funch_splash_logo.json */ = {isa = PBXFileReference; fileEncoding = 4; lastKnownFileType = text.json; path = Funch_splash_logo.json; sourceTree = "<group>"; };
		3EE810722B8076F9007B8A87 /* Funch_splash_background_ani.json */ = {isa = PBXFileReference; fileEncoding = 4; lastKnownFileType = text.json; path = Funch_splash_background_ani.json; sourceTree = "<group>"; };
		3EE810752B81D234007B8A87 /* MatchResultViewModel.swift */ = {isa = PBXFileReference; lastKnownFileType = sourcecode.swift; path = MatchResultViewModel.swift; sourceTree = "<group>"; };
		3EE810772B831865007B8A87 /* ProfileEditorViewModel.swift */ = {isa = PBXFileReference; lastKnownFileType = sourcecode.swift; path = ProfileEditorViewModel.swift; sourceTree = "<group>"; };
		3EE8107B2B8318EC007B8A87 /* ProfileEditorViewBuilder.swift */ = {isa = PBXFileReference; lastKnownFileType = sourcecode.swift; path = ProfileEditorViewBuilder.swift; sourceTree = "<group>"; };
/* End PBXFileReference section */

/* Begin PBXFrameworksBuildPhase section */
		1A4588312B64DE2100FBB841 /* Frameworks */ = {
			isa = PBXFrameworksBuildPhase;
			buildActionMask = 2147483647;
			files = (
			);
			runOnlyForDeploymentPostprocessing = 0;
		};
		1ACE49352B5B9D0B00024336 /* Frameworks */ = {
			isa = PBXFrameworksBuildPhase;
			buildActionMask = 2147483647;
			files = (
				1A792B6F2B5D3F6B00A080F2 /* Moya in Frameworks */,
				3E1E74092B7A0F150082386A /* SwiftUIPager in Frameworks */,
				3EE8106B2B806DC6007B8A87 /* Lottie in Frameworks */,
			);
			runOnlyForDeploymentPostprocessing = 0;
		};
/* End PBXFrameworksBuildPhase section */

/* Begin PBXGroup section */
		1A4588352B64DE2100FBB841 /* FunchAppTests */ = {
			isa = PBXGroup;
			children = (
				1A87EAE02B691D050059F80A /* Repositories */,
			);
			path = FunchAppTests;
			sourceTree = "<group>";
		};
		1A792B722B5D55C600A080F2 /* RequestDTO */ = {
			isa = PBXGroup;
			children = (
				1A44AAAB2B67EFCD006D8894 /* CreateProfile.Req.swift */,
				1A44AAA62B67E81F006D8894 /* GetProfileFromDeviceId.Req.swift */,
				1A44AAA82B67E848006D8894 /* GetProfileFromId.Req.swift */,
				1A792B8A2B5D62BE00A080F2 /* MatchingUser.Req.swift */,
				1A7B06992B5D68AC0024356C /* SearchSubwayStation.Req.swift */,
				3EA875612B86434800713C64 /* DeleteProfile.Req.swift */,
			);
			path = RequestDTO;
			sourceTree = "<group>";
		};
		1A792B782B5D562A00A080F2 /* Common */ = {
			isa = PBXGroup;
			children = (
				1A792B7E2B5D580500A080F2 /* Respondable.swift */,
				1A792B802B5D581600A080F2 /* Requestable.swift */,
				1A792B732B5D55D400A080F2 /* RequestDTO.swift */,
				1A792B762B5D55F700A080F2 /* ResponseDTO.swift */,
			);
			path = Common;
			sourceTree = "<group>";
		};
		1A792B7D2B5D56BE00A080F2 /* ResponseDTO */ = {
			isa = PBXGroup;
			children = (
				1A792B7B2B5D56BA00A080F2 /* GetProfileFromDeviceId.Res.swift */,
				1A45882E2B64D70700FBB841 /* SearchUser.Res.swift */,
				1ACE497C2B5BA3B600024336 /* CreateProfile.Res.swift */,
				1A44AAAD2B67F218006D8894 /* MatchingUser.Res.swift */,
				1A87EB4A2B6FEF2A0059F80A /* SearchSubway.Res.swift */,
				3EA875672B86492B00713C64 /* DeleteProfile.Res.swift */,
			);
			path = ResponseDTO;
			sourceTree = "<group>";
		};
		1A792B822B5D5A2E00A080F2 /* Request */ = {
			isa = PBXGroup;
			children = (
				1A792B842B5D5A5100A080F2 /* CreateUserQuery.swift */,
				1A792B882B5D62A300A080F2 /* MatchingUserQuery.swift */,
				1A7B06972B5D68650024356C /* SearchSubwayStationQuery.swift */,
				1A87EB0B2B6E0FA10059F80A /* FetchUserQuery.swift */,
				3EA875632B86447B00713C64 /* DeleteProfileQuery.swift */,
			);
			path = Request;
			sourceTree = "<group>";
		};
		1A7B06952B5D675C0024356C /* Utils */ = {
			isa = PBXGroup;
			children = (
				1A7B06932B5D67570024356C /* DictionaryType.swift */,
				1A8F13082B8B7DAB001E0237 /* LinkStringSet.swift */,
			);
			path = Utils;
			sourceTree = "<group>";
		};
		1A83F02F2B80E35400E6EC89 /* SubViews */ = {
			isa = PBXGroup;
			children = (
				3E1E740A2B7A22A80082386A /* ChemistryLabel.swift */,
				3EA875522B83C4EE00713C64 /* SubwayChemistryLabel.swift */,
			);
			path = SubViews;
			sourceTree = "<group>";
		};
		1A83F0392B81085D00E6EC89 /* Extensions */ = {
			isa = PBXGroup;
			children = (
				1A7B069B2B5D6D600024356C /* UIDeivce+.swift */,
				3EA69C0E2B5E9AB2008AE23B /* View+.swift */,
				3E1E73F22B713B3A0082386A /* String+.swift */,
				3E28CC622B7D2C1500818CD3 /* Array+.swift */,
				3EE810672B7F74CE007B8A87 /* ImageResource+.swift */,
			);
			path = Extensions;
			sourceTree = "<group>";
		};
		1A87EAE02B691D050059F80A /* Repositories */ = {
			isa = PBXGroup;
			children = (
				1A4588362B64DE2100FBB841 /* ProfileRepositoryTests.swift */,
				1A87EB0E2B6E1CC20059F80A /* MatchingRepositoryTests.swift */,
				3E1E73EE2B7071030082386A /* SubwayStationRepositoryTests.swift */,
			);
			path = Repositories;
			sourceTree = "<group>";
		};
		1A8F12ED2B878A63001E0237 /* MBTIBoardScene */ = {
			isa = PBXGroup;
			children = (
				3ED7551A2B89F66C00529084 /* MBTIBoardViewBuilder.swift */,
				1A8F12EB2B878A54001E0237 /* MBTIBoardView.swift */,
				3ED755182B88A87700529084 /* MBTIBoardViewModel.swift */,
			);
			path = MBTIBoardScene;
			sourceTree = "<group>";
		};
		1A8F12F22B87A345001E0237 /* MBTIBoard */ = {
			isa = PBXGroup;
			children = (
				1A8F12F02B87A33C001E0237 /* MBTIBoardUseCase.swift */,
			);
			path = MBTIBoard;
			sourceTree = "<group>";
		};
		1A8F12FB2B8A068E001E0237 /* Subway */ = {
			isa = PBXGroup;
			children = (
				1A8F12F92B8A068A001E0237 /* SearchSubwayUseCase.swift */,
			);
			path = Subway;
			sourceTree = "<group>";
		};
		1A8F12FE2B8A1531001E0237 /* Matching */ = {
			isa = PBXGroup;
			children = (
				1A8F12FC2B8A152A001E0237 /* MatchingUseCase.swift */,
			);
			path = Matching;
			sourceTree = "<group>";
		};
		1A8F13022B8B7710001E0237 /* Inject */ = {
			isa = PBXGroup;
			children = (
				1A8F13052B8B7AC4001E0237 /* OpenURL */,
				1A7B837B2B7A067D007408D7 /* UserService.swift */,
			);
			path = Inject;
			sourceTree = "<group>";
		};
		1A8F13052B8B7AC4001E0237 /* OpenURL */ = {
			isa = PBXGroup;
			children = (
				1A8F13032B8B7791001E0237 /* OpenURLInject.swift */,
			);
			path = OpenURL;
			sourceTree = "<group>";
		};
		1A8F130C2B8B8FD4001E0237 /* EasterEggScene */ = {
			isa = PBXGroup;
			children = (
				1AC7811A2B90E42000E298E3 /* EasterEggViewBuilder.swift */,
				1AC781182B90E3F000E298E3 /* EasterEggViewModel.swift */,
				1A8F130A2B8B8EDF001E0237 /* EasterEggView.swift */,
			);
			path = EasterEggScene;
			sourceTree = "<group>";
		};
		1AC781212B90E81800E298E3 /* Error */ = {
			isa = PBXGroup;
			children = (
				1AC7811F2B90E81500E298E3 /* RepositoryError.swift */,
			);
			path = Error;
			sourceTree = "<group>";
		};
		1ACE492F2B5B9D0B00024336 = {
			isa = PBXGroup;
			children = (
				1ACE493A2B5B9D0B00024336 /* FunchApp */,
				1A4588352B64DE2100FBB841 /* FunchAppTests */,
				1ACE49392B5B9D0B00024336 /* Products */,
			);
			sourceTree = "<group>";
		};
		1ACE49392B5B9D0B00024336 /* Products */ = {
			isa = PBXGroup;
			children = (
				1ACE49382B5B9D0B00024336 /* FunchApp.app */,
				1A4588342B64DE2100FBB841 /* FunchAppTests.xctest */,
			);
			name = Products;
			sourceTree = "<group>";
		};
		1ACE493A2B5B9D0B00024336 /* FunchApp */ = {
			isa = PBXGroup;
			children = (
				3EA69C242B5EDA19008AE23B /* Info.plist */,
				1ACE49842B5BAB5000024336 /* Core */,
				1ACE494E2B5B9D7800024336 /* Data */,
				1ACE49512B5B9D8D00024336 /* Domain */,
				1ACE494B2B5B9D6000024336 /* Presentation */,
				1ACE49412B5B9D0D00024336 /* Preview Content */,
			);
			path = FunchApp;
			sourceTree = "<group>";
		};
		1ACE49412B5B9D0D00024336 /* Preview Content */ = {
			isa = PBXGroup;
			children = (
				1ACE49422B5B9D0D00024336 /* Preview Assets.xcassets */,
			);
			path = "Preview Content";
			sourceTree = "<group>";
		};
		1ACE494B2B5B9D6000024336 /* Presentation */ = {
			isa = PBXGroup;
			children = (
				1ACE49522B5B9DAD00024336 /* Application */,
				3EE8106C2B807052007B8A87 /* SplashScene */,
				1ACE49612B5B9F2600024336 /* OnboardingScene */,
				1ACE495D2B5B9EF900024336 /* HomeScene */,
				1ACE495E2B5B9EFF00024336 /* ProfileScene */,
				1ACE495F2B5B9F1100024336 /* MatchResultScene */,
				1ACE49602B5B9F1A00024336 /* ProfileEditorScene */,
				1A8F12ED2B878A63001E0237 /* MBTIBoardScene */,
				1A8F130C2B8B8FD4001E0237 /* EasterEggScene */,
			);
			path = Presentation;
			sourceTree = "<group>";
		};
		1ACE494E2B5B9D7800024336 /* Data */ = {
			isa = PBXGroup;
			children = (
				1ACE497E2B5BA45800024336 /* Repository */,
				1ACE497B2B5BA39D00024336 /* DataMapping */,
				1ACE497A2B5BA38200024336 /* PersistentStorage */,
			);
			path = Data;
			sourceTree = "<group>";
		};
		1ACE49512B5B9D8D00024336 /* Domain */ = {
			isa = PBXGroup;
			children = (
				1ACE49682B5BA09700024336 /* UseCase */,
				1ACE49672B5BA07400024336 /* Interfaces */,
				1ACE49622B5B9F3B00024336 /* Entities */,
			);
			path = Domain;
			sourceTree = "<group>";
		};
		1ACE49522B5B9DAD00024336 /* Application */ = {
			isa = PBXGroup;
			children = (
				1ACE493B2B5B9D0B00024336 /* FunchApp.swift */,
				1A7B83792B79E0BA007408D7 /* AppCoordinator.swift */,
			);
			path = Application;
			sourceTree = "<group>";
		};
		1ACE495D2B5B9EF900024336 /* HomeScene */ = {
			isa = PBXGroup;
			children = (
				1A83F0272B80D74200E6EC89 /* HomeViewBuilder.swift */,
				1A83F02B2B80E1BD00E6EC89 /* HomeViewModel.swift */,
				1ACE49532B5B9E6400024336 /* HomeView.swift */,
				1A8F12E72B8780A1001E0237 /* HomePresentation.swift */,
			);
			path = HomeScene;
			sourceTree = "<group>";
		};
		1ACE495E2B5B9EFF00024336 /* ProfileScene */ = {
			isa = PBXGroup;
			children = (
				1A83F0302B80E6CB00E6EC89 /* ProfileViewBuilder.swift */,
				1A83F0322B80E6E000E6EC89 /* ProfileViewModel.swift */,
				1ACE49552B5B9E9300024336 /* ProfileView.swift */,
			);
			path = ProfileScene;
			sourceTree = "<group>";
		};
		1ACE495F2B5B9F1100024336 /* MatchResultScene */ = {
			isa = PBXGroup;
			children = (
				1A83F02D2B80E26B00E6EC89 /* MatchResultViewBuilder.swift */,
				3EE810752B81D234007B8A87 /* MatchResultViewModel.swift */,
				1ACE49572B5B9ECE00024336 /* MatchResultView.swift */,
				1A83F02F2B80E35400E6EC89 /* SubViews */,
			);
			path = MatchResultScene;
			sourceTree = "<group>";
		};
		1ACE49602B5B9F1A00024336 /* ProfileEditorScene */ = {
			isa = PBXGroup;
			children = (
				3EE8107B2B8318EC007B8A87 /* ProfileEditorViewBuilder.swift */,
				3EE810772B831865007B8A87 /* ProfileEditorViewModel.swift */,
				1ACE49592B5B9EDE00024336 /* ProfileEditorView.swift */,
				1A8F12E92B8784B8001E0237 /* ProfileEditorPresentation.swift */,
			);
			path = ProfileEditorScene;
			sourceTree = "<group>";
		};
		1ACE49612B5B9F2600024336 /* OnboardingScene */ = {
			isa = PBXGroup;
			children = (
				1A83F0352B80E88300E6EC89 /* OnboardingViewBuilder.swift */,
				1ACE495B2B5B9EF200024336 /* OnboardingView.swift */,
			);
			path = OnboardingScene;
			sourceTree = "<group>";
		};
		1ACE49622B5B9F3B00024336 /* Entities */ = {
			isa = PBXGroup;
			children = (
				1A8F12EE2B87A258001E0237 /* MBTI.swift */,
				1A45883D2B64EAD600FBB841 /* SubwayInfo.swift */,
				3EA875502B83C11E00713C64 /* SubwayLines.swift */,
				1ACE49632B5B9F4A00024336 /* Profile.swift */,
				1A7B06A12B5D8C710024356C /* MatchingInfo.swift */,
				1A792B822B5D5A2E00A080F2 /* Request */,
			);
			path = Entities;
			sourceTree = "<group>";
		};
		1ACE49672B5BA07400024336 /* Interfaces */ = {
			isa = PBXGroup;
			children = (
				1ACE49652B5BA06D00024336 /* ProfileRepository.swift */,
				1A792B8C2B5D653B00A080F2 /* MatchingRepository.swift */,
				1A7B06912B5D67250024356C /* SubwayStationRepository.swift */,
				1AC7811D2B90E72200E298E3 /* MBTIRepository.swift */,
			);
			path = Interfaces;
			sourceTree = "<group>";
		};
		1ACE49682B5BA09700024336 /* UseCase */ = {
			isa = PBXGroup;
			children = (
				1ACE496F2B5BA27600024336 /* Profile */,
				1A8F12F22B87A345001E0237 /* MBTIBoard */,
				1A8F12FB2B8A068E001E0237 /* Subway */,
				1A8F12FE2B8A1531001E0237 /* Matching */,
			);
			path = UseCase;
			sourceTree = "<group>";
		};
		1ACE496F2B5BA27600024336 /* Profile */ = {
			isa = PBXGroup;
			children = (
				3EA875652B8645AE00713C64 /* DeleteProfileUseCase.swift */,
				1ACE49692B5BA19200024336 /* CreateProfileUseCase.swift */,
				1A87EB092B6E0DCC0059F80A /* FetchProfileUseCase.swift */,
			);
			path = Profile;
			sourceTree = "<group>";
		};
		1ACE497A2B5BA38200024336 /* PersistentStorage */ = {
			isa = PBXGroup;
			children = (
				1ACE49782B5BA2F100024336 /* UserDataStorage.swift */,
			);
			path = PersistentStorage;
			sourceTree = "<group>";
		};
		1ACE497B2B5BA39D00024336 /* DataMapping */ = {
			isa = PBXGroup;
			children = (
				1A792B722B5D55C600A080F2 /* RequestDTO */,
				1A792B7D2B5D56BE00A080F2 /* ResponseDTO */,
				1A792B782B5D562A00A080F2 /* Common */,
			);
			path = DataMapping;
			sourceTree = "<group>";
		};
		1ACE497E2B5BA45800024336 /* Repository */ = {
			isa = PBXGroup;
			children = (
				1A8F12F32B87A914001E0237 /* MBTIRepositoryImpl.swift */,
				1ACE497F2B5BA46600024336 /* ProfileRepositoryImpl.swift */,
				1A792B862B5D605400A080F2 /* MatchingRepositoryImpl.swift */,
				1A7B068F2B5D669A0024356C /* SubwayStationRepositoryImpl.swift */,
				1AC781212B90E81800E298E3 /* Error */,
			);
			path = Repository;
			sourceTree = "<group>";
		};
		1ACE49812B5BA49600024336 /* Network */ = {
			isa = PBXGroup;
			children = (
				1A792B702B5D465700A080F2 /* DefaultTargetType.swift */,
				1A7B069D2B5D702D0024356C /* APIEnvironment.swift */,
				1A87EB062B6A6A430059F80A /* APIClient.swift */,
			);
			path = Network;
			sourceTree = "<group>";
		};
		1ACE49842B5BAB5000024336 /* Core */ = {
			isa = PBXGroup;
			children = (
				3EA8755A2B84DB2C00713C64 /* Config.xcconfig */,
				1ACE49812B5BA49600024336 /* Network */,
				1ACE49872B5BAB7000024336 /* DesignSystem */,
				1A7B06952B5D675C0024356C /* Utils */,
				1A83F0392B81085D00E6EC89 /* Extensions */,
				1A8F13022B8B7710001E0237 /* Inject */,
			);
			path = Core;
			sourceTree = "<group>";
		};
		1ACE49872B5BAB7000024336 /* DesignSystem */ = {
			isa = PBXGroup;
			children = (
				3EA69C112B5ED6DA008AE23B /* Resources */,
				3EA69C162B5ED816008AE23B /* Sources */,
			);
			path = DesignSystem;
			sourceTree = "<group>";
		};
		1ACE49882B5BAFDD00024336 /* Style */ = {
			isa = PBXGroup;
			children = (
				1ACE49852B5BAB5F00024336 /* DefaultFunchButtonStyle.swift */,
				3EA69C022B5D67A3008AE23B /* NoTapEffectButtonStyle.swift */,
			);
			path = Style;
			sourceTree = "<group>";
		};
		1ACE498E2B5C111A00024336 /* UICompoents.SwiftUI */ = {
			isa = PBXGroup;
			children = (
				1ACE498C2B5C111500024336 /* ChipView.swift */,
				3EA69BFE2B5C342E008AE23B /* FunchTextField.swift */,
				3EA69C002B5D61E9008AE23B /* DynamicHGrid.swift */,
				3E1E73F02B70B3570082386A /* ChipButton.swift */,
				3E1E73F82B7465680082386A /* FunchDropDownMenu.swift */,
				3E1E740C2B7A73590082386A /* ChipViewHighlighter.swift */,
				3EA875542B843EEC00713C64 /* SubwayChipView.swift */,
			);
			path = UICompoents.SwiftUI;
			sourceTree = "<group>";
		};
		3E1E73FA2B74AC4C0082386A /* Color */ = {
			isa = PBXGroup;
			children = (
				3E1E73FB2B74AC510082386A /* Gradient+.swift */,
			);
			path = Color;
			sourceTree = "<group>";
		};
		3EA69C112B5ED6DA008AE23B /* Resources */ = {
			isa = PBXGroup;
			children = (
				1ACE493F2B5B9D0D00024336 /* Image.xcassets */,
				3EA69C122B5ED709008AE23B /* Color.xcassets */,
				3EA69C142B5ED76E008AE23B /* Fonts */,
				3EE8106F2B807608007B8A87 /* Lottie */,
			);
			path = Resources;
			sourceTree = "<group>";
		};
		3EA69C142B5ED76E008AE23B /* Fonts */ = {
			isa = PBXGroup;
			children = (
				3EA69C252B5EDF35008AE23B /* SpoqaHanSans */,
			);
			path = Fonts;
			sourceTree = "<group>";
		};
		3EA69C162B5ED816008AE23B /* Sources */ = {
			isa = PBXGroup;
			children = (
				3E28CC642B7E131900818CD3 /* KeyboardBottomPaddingModifier.swift */,
				3E1E73FA2B74AC4C0082386A /* Color */,
				3EA69C172B5ED866008AE23B /* Font */,
				3EA69C3D2B64C047008AE23B /* Size */,
				1ACE49882B5BAFDD00024336 /* Style */,
				1ACE498E2B5C111A00024336 /* UICompoents.SwiftUI */,
			);
			path = Sources;
			sourceTree = "<group>";
		};
		3EA69C172B5ED866008AE23B /* Font */ = {
			isa = PBXGroup;
			children = (
				3EA69C1B2B5ED956008AE23B /* Font+.swift */,
				3EA69C2C2B5EE591008AE23B /* Text+.swift */,
			);
			path = Font;
			sourceTree = "<group>";
		};
		3EA69C252B5EDF35008AE23B /* SpoqaHanSans */ = {
			isa = PBXGroup;
			children = (
				3EA69C262B5EDF43008AE23B /* SpoqaHanSansNeo-Bold.otf */,
				3EA69C272B5EDF44008AE23B /* SpoqaHanSansNeo-Medium.otf */,
				3EA69C282B5EDF44008AE23B /* SpoqaHanSansNeo-Regular.otf */,
			);
			path = SpoqaHanSans;
			sourceTree = "<group>";
		};
		3EA69C3D2B64C047008AE23B /* Size */ = {
			isa = PBXGroup;
			children = (
				3EA69C3E2B64C086008AE23B /* CGFloat+.swift */,
			);
			path = Size;
			sourceTree = "<group>";
		};
		3EE8106C2B807052007B8A87 /* SplashScene */ = {
			isa = PBXGroup;
			children = (
				3EE8106D2B80705D007B8A87 /* SplashView.swift */,
				1A83F0372B80E8E200E6EC89 /* SplashViewBuilder.swift */,
			);
			path = SplashScene;
			sourceTree = "<group>";
		};
		3EE8106F2B807608007B8A87 /* Lottie */ = {
			isa = PBXGroup;
			children = (
				3EE810722B8076F9007B8A87 /* Funch_splash_background_ani.json */,
				3EE810702B8076F5007B8A87 /* Funch_splash_logo.json */,
			);
			path = Lottie;
			sourceTree = "<group>";
		};
/* End PBXGroup section */

/* Begin PBXNativeTarget section */
		1A4588332B64DE2100FBB841 /* FunchAppTests */ = {
			isa = PBXNativeTarget;
			buildConfigurationList = 1A45883A2B64DE2100FBB841 /* Build configuration list for PBXNativeTarget "FunchAppTests" */;
			buildPhases = (
				1A4588302B64DE2100FBB841 /* Sources */,
				1A4588312B64DE2100FBB841 /* Frameworks */,
				1A4588322B64DE2100FBB841 /* Resources */,
			);
			buildRules = (
			);
			dependencies = (
				1A4588392B64DE2100FBB841 /* PBXTargetDependency */,
			);
			name = FunchAppTests;
			productName = FunchAppTests;
			productReference = 1A4588342B64DE2100FBB841 /* FunchAppTests.xctest */;
			productType = "com.apple.product-type.bundle.unit-test";
		};
		1ACE49372B5B9D0B00024336 /* FunchApp */ = {
			isa = PBXNativeTarget;
			buildConfigurationList = 1ACE49462B5B9D0D00024336 /* Build configuration list for PBXNativeTarget "FunchApp" */;
			buildPhases = (
				1ACE49342B5B9D0B00024336 /* Sources */,
				1ACE49352B5B9D0B00024336 /* Frameworks */,
				1ACE49362B5B9D0B00024336 /* Resources */,
			);
			buildRules = (
			);
			dependencies = (
			);
			name = FunchApp;
			packageProductDependencies = (
				1A792B6E2B5D3F6B00A080F2 /* Moya */,
				3E1E74082B7A0F150082386A /* SwiftUIPager */,
				3EE8106A2B806DC6007B8A87 /* Lottie */,
			);
			productName = FunchApp;
			productReference = 1ACE49382B5B9D0B00024336 /* FunchApp.app */;
			productType = "com.apple.product-type.application";
		};
/* End PBXNativeTarget section */

/* Begin PBXProject section */
		1ACE49302B5B9D0B00024336 /* Project object */ = {
			isa = PBXProject;
			attributes = {
				BuildIndependentTargetsInParallel = 1;
				LastSwiftUpdateCheck = 1520;
				LastUpgradeCheck = 1510;
				TargetAttributes = {
					1A4588332B64DE2100FBB841 = {
						CreatedOnToolsVersion = 15.2;
						TestTargetID = 1ACE49372B5B9D0B00024336;
					};
					1ACE49372B5B9D0B00024336 = {
						CreatedOnToolsVersion = 15.1;
					};
				};
			};
			buildConfigurationList = 1ACE49332B5B9D0B00024336 /* Build configuration list for PBXProject "FunchApp" */;
			compatibilityVersion = "Xcode 14.0";
			developmentRegion = en;
			hasScannedForEncodings = 0;
			knownRegions = (
				en,
				Base,
			);
			mainGroup = 1ACE492F2B5B9D0B00024336;
			packageReferences = (
				1A792B6D2B5D3F6B00A080F2 /* XCRemoteSwiftPackageReference "Moya" */,
				3E1E74072B7A0F150082386A /* XCRemoteSwiftPackageReference "SwiftUIPager" */,
				3EE810692B806DC6007B8A87 /* XCRemoteSwiftPackageReference "lottie-ios" */,
			);
			productRefGroup = 1ACE49392B5B9D0B00024336 /* Products */;
			projectDirPath = "";
			projectRoot = "";
			targets = (
				1ACE49372B5B9D0B00024336 /* FunchApp */,
				1A4588332B64DE2100FBB841 /* FunchAppTests */,
			);
		};
/* End PBXProject section */

/* Begin PBXResourcesBuildPhase section */
		1A4588322B64DE2100FBB841 /* Resources */ = {
			isa = PBXResourcesBuildPhase;
			buildActionMask = 2147483647;
			files = (
			);
			runOnlyForDeploymentPostprocessing = 0;
		};
		1ACE49362B5B9D0B00024336 /* Resources */ = {
			isa = PBXResourcesBuildPhase;
			buildActionMask = 2147483647;
			files = (
				3EE810732B8076F9007B8A87 /* Funch_splash_background_ani.json in Resources */,
				1ACE49432B5B9D0D00024336 /* Preview Assets.xcassets in Resources */,
				3EA69C2B2B5EDF44008AE23B /* SpoqaHanSansNeo-Regular.otf in Resources */,
				3EE810712B8076F5007B8A87 /* Funch_splash_logo.json in Resources */,
				3EA69C132B5ED709008AE23B /* Color.xcassets in Resources */,
				1ACE49402B5B9D0D00024336 /* Image.xcassets in Resources */,
				3EA69C2A2B5EDF44008AE23B /* SpoqaHanSansNeo-Medium.otf in Resources */,
				3EA69C292B5EDF44008AE23B /* SpoqaHanSansNeo-Bold.otf in Resources */,
			);
			runOnlyForDeploymentPostprocessing = 0;
		};
/* End PBXResourcesBuildPhase section */

/* Begin PBXSourcesBuildPhase section */
		1A4588302B64DE2100FBB841 /* Sources */ = {
			isa = PBXSourcesBuildPhase;
			buildActionMask = 2147483647;
			files = (
				1A87EAF62B691FA70059F80A /* SubwayInfo.swift in Sources */,
				3E1E73EF2B7071030082386A /* SubwayStationRepositoryTests.swift in Sources */,
				1A87EAEA2B691F2D0059F80A /* DefaultTargetType.swift in Sources */,
				1A87EAF42B691FA20059F80A /* SubwayStationRepository.swift in Sources */,
				3EA8756C2B8656EF00713C64 /* DeleteProfileUseCase.swift in Sources */,
				1A87EAF72B691FA90059F80A /* Profile.swift in Sources */,
				1A87EAF52B691FA50059F80A /* MatchingRepository.swift in Sources */,
				1A87EAF92B691FB00059F80A /* CreateUserQuery.swift in Sources */,
				1A87EADE2B691C510059F80A /* SubwayStationRepositoryImpl.swift in Sources */,
				1A87EAE72B691E6D0059F80A /* RequestDTO.swift in Sources */,
				1A87EAEC2B691F420059F80A /* DictionaryType.swift in Sources */,
				3EA8756E2B86571000713C64 /* DeleteProfile.Res.swift in Sources */,
				1A87EB032B6920050059F80A /* GetProfileFromId.Req.swift in Sources */,
				1A87EAFE2B691FF80059F80A /* SearchUser.Res.swift in Sources */,
				1A87EAEE2B691F470059F80A /* View+.swift in Sources */,
				3E28CC682B7E624F00818CD3 /* Array+.swift in Sources */,
				1A87EAED2B691F450059F80A /* UIDeivce+.swift in Sources */,
				3EA8756D2B86570B00713C64 /* DeleteProfile.Req.swift in Sources */,
				1A87EB0D2B6E10A40059F80A /* FetchUserQuery.swift in Sources */,
				1A87EB012B6920010059F80A /* CreateProfile.Req.swift in Sources */,
				3E28CC672B7E61E000818CD3 /* SearchSubway.Res.swift in Sources */,
				1A87EADF2B691C510059F80A /* MatchingRepositoryImpl.swift in Sources */,
				3EA8756A2B8654E000713C64 /* DeleteProfileQuery.swift in Sources */,
				1A87EAF82B691FAC0059F80A /* MatchingInfo.swift in Sources */,
				1A87EAFC2B691FEA0059F80A /* UserDataStorage.swift in Sources */,
				1A87EAE92B691E730059F80A /* Requestable.swift in Sources */,
				1A87EAE82B691E710059F80A /* Respondable.swift in Sources */,
				1A87EAF02B691F940059F80A /* CreateProfileUseCase.swift in Sources */,
				1A87EAFB2B691FB60059F80A /* SearchSubwayStationQuery.swift in Sources */,
				1AC7811C2B90E5C400E298E3 /* LinkStringSet.swift in Sources */,
				1A87EAE62B691E6B0059F80A /* ResponseDTO.swift in Sources */,
				1A87EAFA2B691FB20059F80A /* MatchingUserQuery.swift in Sources */,
				1A87EB052B69200B0059F80A /* MatchingUser.Req.swift in Sources */,
				3E28CC6C2B7E629300818CD3 /* FetchProfileUseCase.swift in Sources */,
				1A87EB042B6920080059F80A /* SearchSubwayStation.Req.swift in Sources */,
				1A87EAFF2B691FFB0059F80A /* CreateProfile.Res.swift in Sources */,
				1A87EB0F2B6E1CC20059F80A /* MatchingRepositoryTests.swift in Sources */,
				1A87EB082B6DFD430059F80A /* APIClient.swift in Sources */,
				1A87EB002B691FFE0059F80A /* MatchingUser.Res.swift in Sources */,
				1A87EAF32B691FA00059F80A /* ProfileRepository.swift in Sources */,
				1A87EAEB2B691F3B0059F80A /* APIEnvironment.swift in Sources */,
				1A87EAE52B691E570059F80A /* ProfileRepositoryTests.swift in Sources */,
				1A87EAE42B691E490059F80A /* GetProfileFromDeviceId.Res.swift in Sources */,
				1A87EAE32B691DF50059F80A /* ProfileRepositoryImpl.swift in Sources */,
				1A87EB022B6920030059F80A /* GetProfileFromDeviceId.Req.swift in Sources */,
			);
			runOnlyForDeploymentPostprocessing = 0;
		};
		1ACE49342B5B9D0B00024336 /* Sources */ = {
			isa = PBXSourcesBuildPhase;
			buildActionMask = 2147483647;
			files = (
				3EA875622B86434800713C64 /* DeleteProfile.Req.swift in Sources */,
				3EE8107C2B8318EC007B8A87 /* ProfileEditorViewBuilder.swift in Sources */,
				1A45882F2B64D70700FBB841 /* SearchUser.Res.swift in Sources */,
				1ACE49542B5B9E6400024336 /* HomeView.swift in Sources */,
				1A44AAA92B67E848006D8894 /* GetProfileFromId.Req.swift in Sources */,
				3ED755192B88A87700529084 /* MBTIBoardViewModel.swift in Sources */,
				1ACE49862B5BAB5F00024336 /* DefaultFunchButtonStyle.swift in Sources */,
				3EA69C2D2B5EE591008AE23B /* Text+.swift in Sources */,
				3EA69BFF2B5C342F008AE23B /* FunchTextField.swift in Sources */,
				3EA69C032B5D67A3008AE23B /* NoTapEffectButtonStyle.swift in Sources */,
				3EE810782B831865007B8A87 /* ProfileEditorViewModel.swift in Sources */,
				3E1E73F32B713B3A0082386A /* String+.swift in Sources */,
				1A83F0312B80E6CB00E6EC89 /* ProfileViewBuilder.swift in Sources */,
				1A792B772B5D55F700A080F2 /* ResponseDTO.swift in Sources */,
				1A7B837A2B79E0BA007408D7 /* AppCoordinator.swift in Sources */,
				1A792B742B5D55D400A080F2 /* RequestDTO.swift in Sources */,
				1A83F0382B80E8E200E6EC89 /* SplashViewBuilder.swift in Sources */,
				1A44AAAC2B67EFCD006D8894 /* CreateProfile.Req.swift in Sources */,
				1A8F13092B8B7DAB001E0237 /* LinkStringSet.swift in Sources */,
				1AC781202B90E81500E298E3 /* RepositoryError.swift in Sources */,
				1A8F12F12B87A33C001E0237 /* MBTIBoardUseCase.swift in Sources */,
				1A7B069E2B5D702D0024356C /* APIEnvironment.swift in Sources */,
				1A792B8D2B5D653B00A080F2 /* MatchingRepository.swift in Sources */,
				3EA875512B83C11E00713C64 /* SubwayLines.swift in Sources */,
				1A792B852B5D5A5100A080F2 /* CreateUserQuery.swift in Sources */,
				3EA69C1C2B5ED956008AE23B /* Font+.swift in Sources */,
				1A792B892B5D62A300A080F2 /* MatchingUserQuery.swift in Sources */,
				3EE8106E2B80705D007B8A87 /* SplashView.swift in Sources */,
				1AC7811E2B90E72200E298E3 /* MBTIRepository.swift in Sources */,
				1ACE49642B5B9F4A00024336 /* Profile.swift in Sources */,
				1A83F02C2B80E1BD00E6EC89 /* HomeViewModel.swift in Sources */,
				3EA875682B86492B00713C64 /* DeleteProfile.Res.swift in Sources */,
				1A7B06A22B5D8C710024356C /* MatchingInfo.swift in Sources */,
				1ACE497D2B5BA3B600024336 /* CreateProfile.Res.swift in Sources */,
				1A83F02E2B80E26B00E6EC89 /* MatchResultViewBuilder.swift in Sources */,
				1A8F12EA2B8784B8001E0237 /* ProfileEditorPresentation.swift in Sources */,
				3EA875642B86447B00713C64 /* DeleteProfileQuery.swift in Sources */,
				1A7B06942B5D67570024356C /* DictionaryType.swift in Sources */,
				1ACE495C2B5B9EF200024336 /* OnboardingView.swift in Sources */,
				1A8F12FA2B8A068A001E0237 /* SearchSubwayUseCase.swift in Sources */,
				1AC781192B90E3F000E298E3 /* EasterEggViewModel.swift in Sources */,
				3EA69C3F2B64C086008AE23B /* CGFloat+.swift in Sources */,
				1A792B812B5D581600A080F2 /* Requestable.swift in Sources */,
				3EA69C0F2B5E9AB2008AE23B /* View+.swift in Sources */,
				1A8F12FD2B8A152A001E0237 /* MatchingUseCase.swift in Sources */,
				3E1E73F92B7465680082386A /* FunchDropDownMenu.swift in Sources */,
				1A8F130B2B8B8EDF001E0237 /* EasterEggView.swift in Sources */,
				1A7B837C2B7A067D007408D7 /* UserService.swift in Sources */,
				1A8F12E82B8780A1001E0237 /* HomePresentation.swift in Sources */,
				1A792B7F2B5D580500A080F2 /* Respondable.swift in Sources */,
				3E1E740D2B7A73590082386A /* ChipViewHighlighter.swift in Sources */,
				3EE810682B7F74CE007B8A87 /* ImageResource+.swift in Sources */,
				1ACE49582B5B9ECE00024336 /* MatchResultView.swift in Sources */,
				1A7B06922B5D67250024356C /* SubwayStationRepository.swift in Sources */,
				1A7B06902B5D669A0024356C /* SubwayStationRepositoryImpl.swift in Sources */,
				3EA875662B8645AE00713C64 /* DeleteProfileUseCase.swift in Sources */,
				3E1E73FC2B74AC510082386A /* Gradient+.swift in Sources */,
				3EE810762B81D234007B8A87 /* MatchResultViewModel.swift in Sources */,
				1A8F12F42B87A914001E0237 /* MBTIRepositoryImpl.swift in Sources */,
				1A83F0332B80E6E000E6EC89 /* ProfileViewModel.swift in Sources */,
				3E1E73F12B70B3570082386A /* ChipButton.swift in Sources */,
				1A44AAAA2B67EF42006D8894 /* GetProfileFromDeviceId.Res.swift in Sources */,
				1ACE495A2B5B9EDE00024336 /* ProfileEditorView.swift in Sources */,
				3EA69C012B5D61E9008AE23B /* DynamicHGrid.swift in Sources */,
				1A792B712B5D465700A080F2 /* DefaultTargetType.swift in Sources */,
				1A44AAAE2B67F218006D8894 /* MatchingUser.Res.swift in Sources */,
				1A87EB4B2B6FEF2A0059F80A /* SearchSubway.Res.swift in Sources */,
				1A792B872B5D605400A080F2 /* MatchingRepositoryImpl.swift in Sources */,
				1AC7811B2B90E42000E298E3 /* EasterEggViewBuilder.swift in Sources */,
				1ACE49662B5BA06D00024336 /* ProfileRepository.swift in Sources */,
				1ACE49562B5B9E9300024336 /* ProfileView.swift in Sources */,
				1ACE498D2B5C111500024336 /* ChipView.swift in Sources */,
				1A83F0362B80E88300E6EC89 /* OnboardingViewBuilder.swift in Sources */,
				3EA875532B83C4EE00713C64 /* SubwayChemistryLabel.swift in Sources */,
				1A44AAA72B67E81F006D8894 /* GetProfileFromDeviceId.Req.swift in Sources */,
				1A7B06982B5D68650024356C /* SearchSubwayStationQuery.swift in Sources */,
				3ED7551B2B89F66C00529084 /* MBTIBoardViewBuilder.swift in Sources */,
				1A83F0282B80D74200E6EC89 /* HomeViewBuilder.swift in Sources */,
				1ACE49802B5BA46600024336 /* ProfileRepositoryImpl.swift in Sources */,
				1A7B069A2B5D68AC0024356C /* SearchSubwayStation.Req.swift in Sources */,
				1A8F13042B8B7791001E0237 /* OpenURLInject.swift in Sources */,
				1A8F12EF2B87A259001E0237 /* MBTI.swift in Sources */,
				1A8F12EC2B878A54001E0237 /* MBTIBoardView.swift in Sources */,
				1A792B8B2B5D62BE00A080F2 /* MatchingUser.Req.swift in Sources */,
				1ACE496A2B5BA19200024336 /* CreateProfileUseCase.swift in Sources */,
				1ACE49792B5BA2F100024336 /* UserDataStorage.swift in Sources */,
				3E1E740B2B7A22A80082386A /* ChemistryLabel.swift in Sources */,
				3E28CC652B7E131900818CD3 /* KeyboardBottomPaddingModifier.swift in Sources */,
				1ACE493C2B5B9D0B00024336 /* FunchApp.swift in Sources */,
				3EA875552B843EEC00713C64 /* SubwayChipView.swift in Sources */,
				1ACE493C2B5B9D0B00024336 /* FunchApp.swift in Sources */,
				1A87EB0A2B6E0DCC0059F80A /* FetchProfileUseCase.swift in Sources */,
				1A45883E2B64EAD600FBB841 /* SubwayInfo.swift in Sources */,
				1A7B069C2B5D6D600024356C /* UIDeivce+.swift in Sources */,
				1A87EB0C2B6E0FA10059F80A /* FetchUserQuery.swift in Sources */,
				1A87EB072B6A6A430059F80A /* APIClient.swift in Sources */,
				3E28CC632B7D2C1500818CD3 /* Array+.swift in Sources */,
			);
			runOnlyForDeploymentPostprocessing = 0;
		};
/* End PBXSourcesBuildPhase section */

/* Begin PBXTargetDependency section */
		1A4588392B64DE2100FBB841 /* PBXTargetDependency */ = {
			isa = PBXTargetDependency;
			target = 1ACE49372B5B9D0B00024336 /* FunchApp */;
			targetProxy = 1A4588382B64DE2100FBB841 /* PBXContainerItemProxy */;
		};
/* End PBXTargetDependency section */

/* Begin XCBuildConfiguration section */
		1A45883B2B64DE2100FBB841 /* Debug */ = {
			isa = XCBuildConfiguration;
			baseConfigurationReference = 3EA8755A2B84DB2C00713C64 /* Config.xcconfig */;
			buildSettings = {
				BUNDLE_LOADER = "$(TEST_HOST)";
				CODE_SIGN_STYLE = Automatic;
				CURRENT_PROJECT_VERSION = 1;
				DEVELOPMENT_TEAM = 38PD5AHVVF;
				GENERATE_INFOPLIST_FILE = YES;
				IPHONEOS_DEPLOYMENT_TARGET = 17.0;
				MARKETING_VERSION = 1.0;
				PRODUCT_BUNDLE_IDENTIFIER = kr.app.funch.FunchAppTests;
				PRODUCT_NAME = "$(TARGET_NAME)";
				SWIFT_EMIT_LOC_STRINGS = NO;
				SWIFT_VERSION = 5.0;
				TARGETED_DEVICE_FAMILY = "1,2";
				TEST_HOST = "$(BUILT_PRODUCTS_DIR)/FunchApp.app/$(BUNDLE_EXECUTABLE_FOLDER_PATH)/FunchApp";
			};
			name = Debug;
		};
		1A45883C2B64DE2100FBB841 /* Release */ = {
			isa = XCBuildConfiguration;
			baseConfigurationReference = 3EA8755A2B84DB2C00713C64 /* Config.xcconfig */;
			buildSettings = {
				BUNDLE_LOADER = "$(TEST_HOST)";
				CODE_SIGN_STYLE = Automatic;
				CURRENT_PROJECT_VERSION = 1;
				DEVELOPMENT_TEAM = 38PD5AHVVF;
				GENERATE_INFOPLIST_FILE = YES;
				IPHONEOS_DEPLOYMENT_TARGET = 17.0;
				MARKETING_VERSION = 1.0;
				PRODUCT_BUNDLE_IDENTIFIER = kr.app.funch.FunchAppTests;
				PRODUCT_NAME = "$(TARGET_NAME)";
				SWIFT_EMIT_LOC_STRINGS = NO;
				SWIFT_VERSION = 5.0;
				TARGETED_DEVICE_FAMILY = "1,2";
				TEST_HOST = "$(BUILT_PRODUCTS_DIR)/FunchApp.app/$(BUNDLE_EXECUTABLE_FOLDER_PATH)/FunchApp";
			};
			name = Release;
		};
		1ACE49442B5B9D0D00024336 /* Debug */ = {
			isa = XCBuildConfiguration;
			buildSettings = {
				ALWAYS_SEARCH_USER_PATHS = NO;
				ASSETCATALOG_COMPILER_GENERATE_SWIFT_ASSET_SYMBOL_EXTENSIONS = YES;
				CLANG_ANALYZER_NONNULL = YES;
				CLANG_ANALYZER_NUMBER_OBJECT_CONVERSION = YES_AGGRESSIVE;
				CLANG_CXX_LANGUAGE_STANDARD = "gnu++20";
				CLANG_ENABLE_MODULES = YES;
				CLANG_ENABLE_OBJC_ARC = YES;
				CLANG_ENABLE_OBJC_WEAK = YES;
				CLANG_WARN_BLOCK_CAPTURE_AUTORELEASING = YES;
				CLANG_WARN_BOOL_CONVERSION = YES;
				CLANG_WARN_COMMA = YES;
				CLANG_WARN_CONSTANT_CONVERSION = YES;
				CLANG_WARN_DEPRECATED_OBJC_IMPLEMENTATIONS = YES;
				CLANG_WARN_DIRECT_OBJC_ISA_USAGE = YES_ERROR;
				CLANG_WARN_DOCUMENTATION_COMMENTS = YES;
				CLANG_WARN_EMPTY_BODY = YES;
				CLANG_WARN_ENUM_CONVERSION = YES;
				CLANG_WARN_INFINITE_RECURSION = YES;
				CLANG_WARN_INT_CONVERSION = YES;
				CLANG_WARN_NON_LITERAL_NULL_CONVERSION = YES;
				CLANG_WARN_OBJC_IMPLICIT_RETAIN_SELF = YES;
				CLANG_WARN_OBJC_LITERAL_CONVERSION = YES;
				CLANG_WARN_OBJC_ROOT_CLASS = YES_ERROR;
				CLANG_WARN_QUOTED_INCLUDE_IN_FRAMEWORK_HEADER = YES;
				CLANG_WARN_RANGE_LOOP_ANALYSIS = YES;
				CLANG_WARN_STRICT_PROTOTYPES = YES;
				CLANG_WARN_SUSPICIOUS_MOVE = YES;
				CLANG_WARN_UNGUARDED_AVAILABILITY = YES_AGGRESSIVE;
				CLANG_WARN_UNREACHABLE_CODE = YES;
				CLANG_WARN__DUPLICATE_METHOD_MATCH = YES;
				COPY_PHASE_STRIP = NO;
				DEBUG_INFORMATION_FORMAT = dwarf;
				ENABLE_STRICT_OBJC_MSGSEND = YES;
				ENABLE_TESTABILITY = YES;
				ENABLE_USER_SCRIPT_SANDBOXING = YES;
				GCC_C_LANGUAGE_STANDARD = gnu17;
				GCC_DYNAMIC_NO_PIC = NO;
				GCC_NO_COMMON_BLOCKS = YES;
				GCC_OPTIMIZATION_LEVEL = 0;
				GCC_PREPROCESSOR_DEFINITIONS = (
					"DEBUG=1",
					"$(inherited)",
				);
				GCC_WARN_64_TO_32_BIT_CONVERSION = YES;
				GCC_WARN_ABOUT_RETURN_TYPE = YES_ERROR;
				GCC_WARN_UNDECLARED_SELECTOR = YES;
				GCC_WARN_UNINITIALIZED_AUTOS = YES_AGGRESSIVE;
				GCC_WARN_UNUSED_FUNCTION = YES;
				GCC_WARN_UNUSED_VARIABLE = YES;
				IPHONEOS_DEPLOYMENT_TARGET = 17.0;
				LOCALIZATION_PREFERS_STRING_CATALOGS = YES;
				MTL_ENABLE_DEBUG_INFO = INCLUDE_SOURCE;
				MTL_FAST_MATH = YES;
				ONLY_ACTIVE_ARCH = YES;
				SDKROOT = iphoneos;
				SWIFT_ACTIVE_COMPILATION_CONDITIONS = "DEBUG $(inherited)";
				SWIFT_OPTIMIZATION_LEVEL = "-Onone";
			};
			name = Debug;
		};
		1ACE49452B5B9D0D00024336 /* Release */ = {
			isa = XCBuildConfiguration;
			buildSettings = {
				ALWAYS_SEARCH_USER_PATHS = NO;
				ASSETCATALOG_COMPILER_GENERATE_SWIFT_ASSET_SYMBOL_EXTENSIONS = YES;
				CLANG_ANALYZER_NONNULL = YES;
				CLANG_ANALYZER_NUMBER_OBJECT_CONVERSION = YES_AGGRESSIVE;
				CLANG_CXX_LANGUAGE_STANDARD = "gnu++20";
				CLANG_ENABLE_MODULES = YES;
				CLANG_ENABLE_OBJC_ARC = YES;
				CLANG_ENABLE_OBJC_WEAK = YES;
				CLANG_WARN_BLOCK_CAPTURE_AUTORELEASING = YES;
				CLANG_WARN_BOOL_CONVERSION = YES;
				CLANG_WARN_COMMA = YES;
				CLANG_WARN_CONSTANT_CONVERSION = YES;
				CLANG_WARN_DEPRECATED_OBJC_IMPLEMENTATIONS = YES;
				CLANG_WARN_DIRECT_OBJC_ISA_USAGE = YES_ERROR;
				CLANG_WARN_DOCUMENTATION_COMMENTS = YES;
				CLANG_WARN_EMPTY_BODY = YES;
				CLANG_WARN_ENUM_CONVERSION = YES;
				CLANG_WARN_INFINITE_RECURSION = YES;
				CLANG_WARN_INT_CONVERSION = YES;
				CLANG_WARN_NON_LITERAL_NULL_CONVERSION = YES;
				CLANG_WARN_OBJC_IMPLICIT_RETAIN_SELF = YES;
				CLANG_WARN_OBJC_LITERAL_CONVERSION = YES;
				CLANG_WARN_OBJC_ROOT_CLASS = YES_ERROR;
				CLANG_WARN_QUOTED_INCLUDE_IN_FRAMEWORK_HEADER = YES;
				CLANG_WARN_RANGE_LOOP_ANALYSIS = YES;
				CLANG_WARN_STRICT_PROTOTYPES = YES;
				CLANG_WARN_SUSPICIOUS_MOVE = YES;
				CLANG_WARN_UNGUARDED_AVAILABILITY = YES_AGGRESSIVE;
				CLANG_WARN_UNREACHABLE_CODE = YES;
				CLANG_WARN__DUPLICATE_METHOD_MATCH = YES;
				COPY_PHASE_STRIP = NO;
				DEBUG_INFORMATION_FORMAT = "dwarf-with-dsym";
				ENABLE_NS_ASSERTIONS = NO;
				ENABLE_STRICT_OBJC_MSGSEND = YES;
				ENABLE_USER_SCRIPT_SANDBOXING = YES;
				GCC_C_LANGUAGE_STANDARD = gnu17;
				GCC_NO_COMMON_BLOCKS = YES;
				GCC_WARN_64_TO_32_BIT_CONVERSION = YES;
				GCC_WARN_ABOUT_RETURN_TYPE = YES_ERROR;
				GCC_WARN_UNDECLARED_SELECTOR = YES;
				GCC_WARN_UNINITIALIZED_AUTOS = YES_AGGRESSIVE;
				GCC_WARN_UNUSED_FUNCTION = YES;
				GCC_WARN_UNUSED_VARIABLE = YES;
				IPHONEOS_DEPLOYMENT_TARGET = 17.0;
				LOCALIZATION_PREFERS_STRING_CATALOGS = YES;
				MTL_ENABLE_DEBUG_INFO = NO;
				MTL_FAST_MATH = YES;
				SDKROOT = iphoneos;
				SWIFT_COMPILATION_MODE = wholemodule;
				VALIDATE_PRODUCT = YES;
			};
			name = Release;
		};
		1ACE49472B5B9D0D00024336 /* Debug */ = {
			isa = XCBuildConfiguration;
			baseConfigurationReference = 3EA8755A2B84DB2C00713C64 /* Config.xcconfig */;
			buildSettings = {
				ASSETCATALOG_COMPILER_APPICON_NAME = "";
				"ASSETCATALOG_COMPILER_APPICON_NAME[sdk=iphoneos*]" = FunchIcon;
				ASSETCATALOG_COMPILER_INCLUDE_ALL_APPICON_ASSETS = YES;
				CODE_SIGN_STYLE = Automatic;
				CURRENT_PROJECT_VERSION = 1;
				DEVELOPMENT_ASSET_PATHS = "\"FunchApp/Preview Content\"";
				DEVELOPMENT_TEAM = 38PD5AHVVF;
				ENABLE_PREVIEWS = YES;
				GENERATE_INFOPLIST_FILE = YES;
				INFOPLIST_FILE = FunchApp/Info.plist;
				INFOPLIST_KEY_CFBundleDisplayName = funch;
				INFOPLIST_KEY_UIApplicationSceneManifest_Generation = YES;
				INFOPLIST_KEY_UIApplicationSupportsIndirectInputEvents = YES;
				INFOPLIST_KEY_UILaunchScreen_Generation = YES;
				INFOPLIST_KEY_UISupportedInterfaceOrientations = UIInterfaceOrientationPortrait;
				INFOPLIST_KEY_UISupportedInterfaceOrientations_iPad = "UIInterfaceOrientationLandscapeLeft UIInterfaceOrientationLandscapeRight UIInterfaceOrientationPortrait UIInterfaceOrientationPortraitUpsideDown";
				IPHONEOS_DEPLOYMENT_TARGET = 16.0;
				LD_RUNPATH_SEARCH_PATHS = (
					"$(inherited)",
					"@executable_path/Frameworks",
				);
				MARKETING_VERSION = 1.4.0;
				PRODUCT_BUNDLE_IDENTIFIER = com.korea.app.funch;
				PRODUCT_NAME = "$(TARGET_NAME)";
				SUPPORTED_PLATFORMS = "iphoneos iphonesimulator";
				SUPPORTS_MACCATALYST = NO;
				SUPPORTS_MAC_DESIGNED_FOR_IPHONE_IPAD = NO;
				SUPPORTS_XR_DESIGNED_FOR_IPHONE_IPAD = NO;
				SWIFT_EMIT_LOC_STRINGS = YES;
				SWIFT_VERSION = 5.0;
				TARGETED_DEVICE_FAMILY = 1;
			};
			name = Debug;
		};
		1ACE49482B5B9D0D00024336 /* Release */ = {
			isa = XCBuildConfiguration;
			baseConfigurationReference = 3EA8755A2B84DB2C00713C64 /* Config.xcconfig */;
			buildSettings = {
				ASSETCATALOG_COMPILER_APPICON_NAME = "";
				"ASSETCATALOG_COMPILER_APPICON_NAME[sdk=iphoneos*]" = FunchIcon;
				ASSETCATALOG_COMPILER_INCLUDE_ALL_APPICON_ASSETS = YES;
				CODE_SIGN_STYLE = Automatic;
				CURRENT_PROJECT_VERSION = 1;
				DEVELOPMENT_ASSET_PATHS = "\"FunchApp/Preview Content\"";
				DEVELOPMENT_TEAM = 38PD5AHVVF;
				ENABLE_PREVIEWS = YES;
				GENERATE_INFOPLIST_FILE = YES;
				INFOPLIST_FILE = FunchApp/Info.plist;
				INFOPLIST_KEY_CFBundleDisplayName = funch;
				INFOPLIST_KEY_UIApplicationSceneManifest_Generation = YES;
				INFOPLIST_KEY_UIApplicationSupportsIndirectInputEvents = YES;
				INFOPLIST_KEY_UILaunchScreen_Generation = YES;
				INFOPLIST_KEY_UISupportedInterfaceOrientations = UIInterfaceOrientationPortrait;
				INFOPLIST_KEY_UISupportedInterfaceOrientations_iPad = "UIInterfaceOrientationLandscapeLeft UIInterfaceOrientationLandscapeRight UIInterfaceOrientationPortrait UIInterfaceOrientationPortraitUpsideDown";
				IPHONEOS_DEPLOYMENT_TARGET = 16.0;
				LD_RUNPATH_SEARCH_PATHS = (
					"$(inherited)",
					"@executable_path/Frameworks",
				);
				MARKETING_VERSION = 1.4.0;
				PRODUCT_BUNDLE_IDENTIFIER = com.korea.app.funch;
				PRODUCT_NAME = "$(TARGET_NAME)";
				SUPPORTED_PLATFORMS = "iphoneos iphonesimulator";
				SUPPORTS_MACCATALYST = NO;
				SUPPORTS_MAC_DESIGNED_FOR_IPHONE_IPAD = NO;
				SUPPORTS_XR_DESIGNED_FOR_IPHONE_IPAD = NO;
				SWIFT_EMIT_LOC_STRINGS = YES;
				SWIFT_VERSION = 5.0;
				TARGETED_DEVICE_FAMILY = 1;
			};
			name = Release;
		};
/* End XCBuildConfiguration section */

/* Begin XCConfigurationList section */
		1A45883A2B64DE2100FBB841 /* Build configuration list for PBXNativeTarget "FunchAppTests" */ = {
			isa = XCConfigurationList;
			buildConfigurations = (
				1A45883B2B64DE2100FBB841 /* Debug */,
				1A45883C2B64DE2100FBB841 /* Release */,
			);
			defaultConfigurationIsVisible = 0;
			defaultConfigurationName = Release;
		};
		1ACE49332B5B9D0B00024336 /* Build configuration list for PBXProject "FunchApp" */ = {
			isa = XCConfigurationList;
			buildConfigurations = (
				1ACE49442B5B9D0D00024336 /* Debug */,
				1ACE49452B5B9D0D00024336 /* Release */,
			);
			defaultConfigurationIsVisible = 0;
			defaultConfigurationName = Release;
		};
		1ACE49462B5B9D0D00024336 /* Build configuration list for PBXNativeTarget "FunchApp" */ = {
			isa = XCConfigurationList;
			buildConfigurations = (
				1ACE49472B5B9D0D00024336 /* Debug */,
				1ACE49482B5B9D0D00024336 /* Release */,
			);
			defaultConfigurationIsVisible = 0;
			defaultConfigurationName = Release;
		};
/* End XCConfigurationList section */

/* Begin XCRemoteSwiftPackageReference section */
		1A792B6D2B5D3F6B00A080F2 /* XCRemoteSwiftPackageReference "Moya" */ = {
			isa = XCRemoteSwiftPackageReference;
			repositoryURL = "https://github.com/Moya/Moya";
			requirement = {
				kind = upToNextMinorVersion;
				minimumVersion = 15.0.3;
			};
		};
		3E1E74072B7A0F150082386A /* XCRemoteSwiftPackageReference "SwiftUIPager" */ = {
			isa = XCRemoteSwiftPackageReference;
			repositoryURL = "https://github.com/fermoya/SwiftUIPager.git";
			requirement = {
				kind = upToNextMajorVersion;
				minimumVersion = 2.5.0;
			};
		};
		3EE810692B806DC6007B8A87 /* XCRemoteSwiftPackageReference "lottie-ios" */ = {
			isa = XCRemoteSwiftPackageReference;
			repositoryURL = "https://github.com/airbnb/lottie-ios";
			requirement = {
				kind = upToNextMajorVersion;
				minimumVersion = 4.4.0;
			};
		};
/* End XCRemoteSwiftPackageReference section */

/* Begin XCSwiftPackageProductDependency section */
		1A792B6E2B5D3F6B00A080F2 /* Moya */ = {
			isa = XCSwiftPackageProductDependency;
			package = 1A792B6D2B5D3F6B00A080F2 /* XCRemoteSwiftPackageReference "Moya" */;
			productName = Moya;
		};
		3E1E74082B7A0F150082386A /* SwiftUIPager */ = {
			isa = XCSwiftPackageProductDependency;
			package = 3E1E74072B7A0F150082386A /* XCRemoteSwiftPackageReference "SwiftUIPager" */;
			productName = SwiftUIPager;
		};
		3EE8106A2B806DC6007B8A87 /* Lottie */ = {
			isa = XCSwiftPackageProductDependency;
			package = 3EE810692B806DC6007B8A87 /* XCRemoteSwiftPackageReference "lottie-ios" */;
			productName = Lottie;
		};
/* End XCSwiftPackageProductDependency section */
	};
	rootObject = 1ACE49302B5B9D0B00024336 /* Project object */;
}
